version = 1
revision = 3
requires-python = "==3.12.*"

[[package]]
name = "altgraph"
version = "0.17.5"
source = { registry = "https://pypi.org/simple" }
sdist = { url = "https://files.pythonhosted.org/packages/7e/f8/97fdf103f38fed6792a1601dbc16cc8aac56e7459a9fff08c812d8ae177a/altgraph-0.17.5.tar.gz", hash = "sha256:c87b395dd12fabde9c99573a9749d67da8d29ef9de0125c7f536699b4a9bc9e7", size = 48428, upload-time = "2025-11-21T20:35:50.583Z" }
wheels = [
    { url = "https://files.pythonhosted.org/packages/a9/ba/000a1996d4308bc65120167c21241a3b205464a2e0b58deda26ae8ac21d1/altgraph-0.17.5-py2.py3-none-any.whl", hash = "sha256:f3a22400bce1b0c701683820ac4f3b159cd301acab067c51c653e06961600597", size = 21228, upload-time = "2025-11-21T20:35:49.444Z" },
]

[[package]]
name = "certifi"
version = "2026.7.22"
source = { registry = "https://pypi.org/simple" }
sdist = { url = "https://files.pythonhosted.org/packages/a3/c2/24167ea9858356b47a87a50d39908bfdb72ceeefe0041586e704e5376b3a/certifi-2026.7.22.tar.gz", hash = "sha256:741e2c3b351ddf169a738da9f2c048608ff7f2c5cc02f1ebc6b118bb090d5d55", size = 138112, upload-time = "2026-07-22T03:35:12.644Z" }
wheels = [
    { url = "https://files.pythonhosted.org/packages/0b/a7/71ac2cff56fec219ed242bb11b8efb69fcc4bec75db06fb7bfe35de520e6/certifi-2026.7.22-py3-none-any.whl", hash = "sha256:62f22742b58a1a33014a2b6b706588a8d7e2a88ae7bd1a6ebe8c992928483775", size = 136983, upload-time = "2026-07-22T03:35:11.276Z" },
]

[[package]]
name = "charset-normalizer"
version = "3.4.9"
source = { registry = "https://pypi.org/simple" }
sdist = { url = "https://files.pythonhosted.org/packages/bd/2a/23f34ec9d04624958e137efdc394888716353190e75f25dd22c7a2c7a8aa/charset_normalizer-3.4.9.tar.gz", hash = "sha256:673611bbd43f0810bec0b0f028ddeaaa501190339cac411f347ac76917c3ae7b", size = 152439, upload-time = "2026-07-07T14:34:58.454Z" }
wheels = [
    { url = "https://files.pythonhosted.org/packages/70/4a/ecbd131485c07fcdfad54e28946d513e3da22ef3b4bd854dcafae54ec739/charset_normalizer-3.4.9-cp312-cp312-macosx_10_13_universal2.whl", hash = "sha256:45b0cc4e3556cd875e09102988d1ab8356c998b596c9fced84547c8138b487a0", size = 319300, upload-time = "2026-07-07T14:33:15.666Z" },
    { url = "https://files.pythonhosted.org/packages/ec/96/5d9364e3342d69f3a045e1777bc47c85c383e6e9466d561b33fdb419d1f9/charset_normalizer-3.4.9-cp312-cp312-manylinux2014_aarch64.manylinux_2_17_aarch64.manylinux_2_28_aarch64.whl", hash = "sha256:9b2aff1c7b3884512b9512c3eaadd9bab39fb45042ffaaa1dd08ff2b9f8109d9", size = 215802, upload-time = "2026-07-07T14:33:17.031Z" },
    { url = "https://files.pythonhosted.org/packages/4b/4c/5361f9aa7f2cb58d94f2ab831b3d493f69efb1d239654b4744e3c09527cb/charset_normalizer-3.4.9-cp312-cp312-manylinux2014_ppc64le.manylinux_2_17_ppc64le.manylinux_2_28_ppc64le.whl", hash = "sha256:9104ed0bd76a429d46f9ec0dbc9b08ad1d2dcdf2b00a5a0daa1c145329b35b44", size = 237171, upload-time = "2026-07-07T14:33:18.576Z" },
    { url = "https://files.pythonhosted.org/packages/50/78/ce342ca4ff30b2eb49fe6d9578df85974f90c67d294113e94efdd9664cbd/charset_normalizer-3.4.9-cp312-cp312-manylinux2014_s390x.manylinux_2_17_s390x.manylinux_2_28_s390x.whl", hash = "sha256:7b86a2b16095d250c6f58b3d9b2eee6f4147754344f3dab0922f7c9bf7d226c9", size = 233075, upload-time = "2026-07-07T14:33:20.084Z" },
    { url = "https://files.pythonhosted.org/packages/01/c4/4fa4c8b3097a11f3c5f09a35b72ed6855fb1d332469504962ab7bafcc702/charset_normalizer-3.4.9-cp312-cp312-manylinux2014_x86_64.manylinux_2_17_x86_64.manylinux_2_28_x86_64.whl", hash = "sha256:5e226f6218febc71f6c1fc2fafb91c226f75bdc1d8fb12d66823716e891608fd", size = 224256, upload-time = "2026-07-07T14:33:21.747Z" },
    { url = "https://files.pythonhosted.org/packages/87/3a/ad914516df7e358a81aae018caa5e0470ba827fa6d763b1d2e87d920a5f6/charset_normalizer-3.4.9-cp312-cp312-manylinux_2_31_armv7l.whl", hash = "sha256:90c44bc373b7687f6948b693cceaea1348ae0975d7474746559494468e3c1d84", size = 208784, upload-time = "2026-07-07T14:33:23.313Z" },
    { url = "https://files.pythonhosted.org/packages/d7/74/3c12f9755717dfe5c5c87da63f35d765fa0c00382ec26bf23f7fae34f2ba/charset_normalizer-3.4.9-cp312-cp312-manylinux_2_31_riscv64.manylinux_2_39_riscv64.whl", hash = "sha256:9cdef90ae47919cae358d8ab15797a800ed41da7aba5d72419fb510729e2ed4b", size = 219928, upload-time = "2026-07-07T14:33:24.814Z" },
    { url = "https://files.pythonhosted.org/packages/33/9a/895095b83e7907abd6d3d99aad3a38ad0d9686cc186cb0c94c24320fe63e/charset_normalizer-3.4.9-cp312-cp312-musllinux_1_2_aarch64.whl", hash = "sha256:60f44ade2cf573dad7a277e6f8ca9a51a21dda572b13bd7d8539bb3cd5dbedde", size = 218489, upload-time = "2026-07-07T14:33:26.42Z" },
    { url = "https://files.pythonhosted.org/packages/a1/34/ef5c05f412f42520d7709b7d3784d19640839eb7366ded1755511585429f/charset_normalizer-3.4.9-cp312-cp312-musllinux_1_2_armv7l.whl", hash = "sha256:a1786910334ed46ab1dd73222f2cd1e05c2c3bb39f6dddb4f8b36fc382058a39", size = 210267, upload-time = "2026-07-07T14:33:27.952Z" },
    { url = "https://files.pythonhosted.org/packages/83/dc/9b29fa4412b318bf3bfea985c35d67eb55e04b59a7c3f2237168b0e0be6f/charset_normalizer-3.4.9-cp312-cp312-musllinux_1_2_x86_64.whl", hash = "sha256:03d07803992c6c7bbc976327f34b18b6160327fc81cb82c9d504720ac0be3b62", size = 226030, upload-time = "2026-07-07T14:33:29.397Z" },
    { url = "https://files.pythonhosted.org/packages/0e/42/6dbc00b8cd16011691203e33570fa42ed5746599a2e878112d16eab403a3/charset_normalizer-3.4.9-cp312-cp312-win32.whl", hash = "sha256:78841cccf1af7b40f6f716338d50c0902dbe88d9f800b3c973b7a9a0a693a642", size = 151185, upload-time = "2026-07-07T14:33:30.781Z" },
    { url = "https://files.pythonhosted.org/packages/80/cc/f920afd1a23c58ccd53c1d36085a71893a4737ff5e66e0371efab6809850/charset_normalizer-3.4.9-cp312-cp312-win_amd64.whl", hash = "sha256:4b3dac63058cc36820b0dd072f89898604e2d39686fe05321729d00d8ac185a0", size = 162557, upload-time = "2026-07-07T14:33:32.176Z" },
    { url = "https://files.pythonhosted.org/packages/f0/e6/0386d43a261ff4e4b30c5857af7df877254b46bec7b9d1b74b6bf969a90b/charset_normalizer-3.4.9-cp312-cp312-win_arm64.whl", hash = "sha256:78fa18e436a1a0e58dbd7e02fc4473f3f32cceb12df9dfca542d075961c307d2", size = 152665, upload-time = "2026-07-07T14:33:33.711Z" },
    { url = "https://files.pythonhosted.org/packages/98/2b/f97f1c193fb855c345d678f5077d6926034db0722df74c8f057020e05a25/charset_normalizer-3.4.9-py3-none-any.whl", hash = "sha256:68e5f26a1ad57ded6d1cfb85331d1c1a195314756471d97758c48498bb4dcdf5", size = 64538, upload-time = "2026-07-07T14:34:56.993Z" },
]

[[package]]
name = "colorama"
version = "0.4.6"
source = { registry = "https://pypi.org/simple" }
sdist = { url = "https://files.pythonhosted.org/packages/d8/53/6f443c9a4a8358a93a6792e2acffb9d9d5cb0a5cfd8802644b7b1c9a02e4/colorama-0.4.6.tar.gz", hash = "sha256:08695f5cb7ed6e0531a20572697297273c47b8cae5a63ffc6d6ed5c201be6e44", size = 27697, upload-time = "2022-10-25T02:36:22.414Z" }
wheels = [
    { url = "https://files.pythonhosted.org/packages/d1/d6/3965ed04c63042e047cb6a3e6ed1a63a35087b6a609aa3a15ed8ac56c221/colorama-0.4.6-py2.py3-none-any.whl", hash = "sha256:4f1d9991f5acc0ca119f9d443620b77f9d6b33703e51011c16baf57afb285fc6", size = 25335, upload-time = "2022-10-25T02:36:20.889Z" },
]

[[package]]
name = "deprecated"
version = "1.3.1"
source = { registry = "https://pypi.org/simple" }
dependencies = [
    { name = "wrapt" },
]
sdist = { url = "https://files.pythonhosted.org/packages/49/85/12f0a49a7c4ffb70572b6c2ef13c90c88fd190debda93b23f026b25f9634/deprecated-1.3.1.tar.gz", hash = "sha256:b1b50e0ff0c1fddaa5708a2c6b0a6588bb09b892825ab2b214ac9ea9d92a5223", size = 2932523, upload-time = "2025-10-30T08:19:02.757Z" }
wheels = [
    { url = "https://files.pythonhosted.org/packages/84/d0/205d54408c08b13550c733c4b85429e7ead111c7f0014309637425520a9a/deprecated-1.3.1-py2.py3-none-any.whl", hash = "sha256:597bfef186b6f60181535a29fbe44865ce137a5079f295b479886c82729d5f3f", size = 11298, upload-time = "2025-10-30T08:19:00.758Z" },
]

[[package]]
name = "idna"
version = "3.18"
source = { registry = "https://pypi.org/simple" }
sdist = { url = "https://files.pythonhosted.org/packages/cd/63/9496c57188a2ee585e0f1db071d75089a11e98aa86eb99d9d7618fc1edce/idna-3.18.tar.gz", hash = "sha256:ffb385a7e039654cef1ab9ef32c6fafe283c0c0467bba1d9029738ce4a14a848", size = 196711, upload-time = "2026-06-02T14:34:07.794Z" }
wheels = [
    { url = "https://files.pythonhosted.org/packages/1e/5e/d4e9f1a599fb8e573b7b87160658329fbf28d19eac2718f51fc3def3aa5a/idna-3.18-py3-none-any.whl", hash = "sha256:7f952cbe720b688055e3f87de14f5c3e5fdaa8bc3928985c4077ca689de849a2", size = 65455, upload-time = "2026-06-02T14:34:06.319Z" },
]

[[package]]
name = "loguru"
version = "0.7.3"
source = { registry = "https://pypi.org/simple" }
dependencies = [
    { name = "colorama", marker = "sys_platform == 'win32'" },
    { name = "win32-setctime", marker = "sys_platform == 'win32'" },
]
sdist = { url = "https://files.pythonhosted.org/packages/3a/05/a1dae3dffd1116099471c643b8924f5aa6524411dc6c63fdae648c4f1aca/loguru-0.7.3.tar.gz", hash = "sha256:19480589e77d47b8d85b2c827ad95d49bf31b0dcde16593892eb51dd18706eb6", size = 63559, upload-time = "2024-12-06T11:20:56.608Z" }
wheels = [
    { url = "https://files.pythonhosted.org/packages/0c/29/0348de65b8cc732daa3e33e67806420b2ae89bdce2b04af740289c5c6c8c/loguru-0.7.3-py3-none-any.whl", hash = "sha256:31a33c10c8e1e10422bfd431aeb5d351c7cf7fa671e3c4df004162264b28220c", size = 61595, upload-time = "2024-12-06T11:20:54.538Z" },
]

[[package]]
name = "macholib"
version = "1.16.4"
source = { registry = "https://pypi.org/simple" }
dependencies = [
    { name = "altgraph" },
]
sdist = { url = "https://files.pythonhosted.org/packages/10/2f/97589876ea967487978071c9042518d28b958d87b17dceb7cdc1d881f963/macholib-1.16.4.tar.gz", hash = "sha256:f408c93ab2e995cd2c46e34fe328b130404be143469e41bc366c807448979362", size = 59427, upload-time = "2025-11-22T08:28:38.373Z" }
wheels = [
    { url = "https://files.pythonhosted.org/packages/c7/d1/a9f36f8ecdf0fb7c9b1e78c8d7af12b8c8754e74851ac7b94a8305540fc7/macholib-1.16.4-py2.py3-none-any.whl", hash = "sha256:da1a3fa8266e30f0ce7e97c6a54eefaae8edd1e5f86f3eb8b95457cae90265ea", size = 38117, upload-time = "2025-11-22T08:28:36.939Z" },
]

[[package]]
name = "mss"
version = "10.2.0"
source = { registry = "https://pypi.org/simple" }
sdist = { url = "https://files.pythonhosted.org/packages/e5/5d/eee782a6d674f562c946ae6a026f4c595ea2b7b031f290bf9fbf60da09b5/mss-10.2.0.tar.gz", hash = "sha256:ab271860775545e62f29d7b11f82f279ac1048f5bbdd26cfad84830208dbd393", size = 200317, upload-time = "2026-04-23T10:44:57.305Z" }
wheels = [
    { url = "https://files.pythonhosted.org/packages/f2/c3/313e14f245c79b4c05bd0f3a84a4813aa26fa10f8993aebd91d04c5fad3f/mss-10.2.0-py3-none-any.whl", hash = "sha256:e79f428899280e7e64e38365b5bfed683851ebea807eeaeadaf06eb8e0d67197", size = 67106, upload-time = "2026-04-23T10:44:56.266Z" },
]

[[package]]
name = "nodeenv"
version = "1.10.0"
source = { registry = "https://pypi.org/simple" }
sdist = { url = "https://files.pythonhosted.org/packages/24/bf/d1bda4f6168e0b2e9e5958945e01910052158313224ada5ce1fb2e1113b8/nodeenv-1.10.0.tar.gz", hash = "sha256:996c191ad80897d076bdfba80a41994c2b47c68e224c542b48feba42ba00f8bb", size = 55611, upload-time = "2025-12-20T14:08:54.006Z" }
wheels = [
    { url = "https://files.pythonhosted.org/packages/88/b2/d0896bdcdc8d28a7fc5717c305f1a861c26e18c05047949fb371034d98bd/nodeenv-1.10.0-py2.py3-none-any.whl", hash = "sha256:5bb13e3eed2923615535339b3c620e76779af4cb4c6a90deccc9e36b274d3827", size = 23438, upload-time = "2025-12-20T14:08:52.782Z" },
]

[[package]]
name = "nodriver"
version = "0.50.3"
source = { registry = "https://pypi.org/simple" }
dependencies = [
    { name = "deprecated" },
    { name = "mss" },
    { name = "websockets" },
]
sdist = { url = "https://files.pythonhosted.org/packages/1a/ad/b8b7472ddbf8c28e4ae37ef46d863400ea2688569f3178a083dda8531f3f/nodriver-0.50.3.tar.gz", hash = "sha256:24ca688d8646ef8ffad5c8ce65804e5e7671a779ad26a24d76f6465d5666c631", size = 354439, upload-time = "2026-05-13T13:57:55.27Z" }
wheels = [
    { url = "https://files.pythonhosted.org/packages/4d/23/b2dd278ad941c720f217c5264d7cbfc60dd09d882b5f7fb6c365013a8ce0/nodriver-0.50.3-py3-none-any.whl", hash = "sha256:a053533108c14c309a7613445e6c7fb460b6b165c144a062e1b2f39e4f7b396b", size = 378085, upload-time = "2026-05-13T13:57:51.877Z" },
]

[[package]]
name = "numpy"
version = "2.5.1"
source = { registry = "https://pypi.org/simple" }
sdist = { url = "https://files.pythonhosted.org/packages/22/fd/89965aa4ac08c74998539fcbf24fa3540f3e15237fbeb6bcf9c908f4aade/numpy-2.5.1.tar.gz", hash = "sha256:a48a113e6afea91f5608793bafa7ef2ad481fefbda87ec5069f483de61cb9fa3", size = 20755553, upload-time = "2026-07-04T17:08:00.933Z" }
wheels = [
    { url = "https://files.pythonhosted.org/packages/62/7b/14687aa674250e5e546f616f486b0d56d3631cd5b2415739141ce40bdcea/numpy-2.5.1-cp312-cp312-macosx_10_13_x86_64.whl", hash = "sha256:2c889b56fe48b1018f764b0eec8df59ab654e9148aa91faa12596043500de277", size = 16801574, upload-time = "2026-07-04T17:06:12.423Z" },
    { url = "https://files.pythonhosted.org/packages/e1/19/cc5bb2a3f2913d27d6dbb2c78d25921fabaedc6741d4a5a615a11f3c5bf3/numpy-2.5.1-cp312-cp312-macosx_11_0_arm64.whl", hash = "sha256:ab451b59c5643c570974c43aef780703ef1d3b4965d2be07afd530615a9358d1", size = 11772250, upload-time = "2026-07-04T17:06:15.726Z" },
    { url = "https://files.pythonhosted.org/packages/42/77/fdf34a71dd30f54979b18603bee915e0aaf825b07afe79acd60b04b691e2/numpy-2.5.1-cp312-cp312-macosx_14_0_arm64.whl", hash = "sha256:78798bd5b9ad744056af8efa90e3b9ddaa53272a0848a483084a1cc0a13b2dc0", size = 5331516, upload-time = "2026-07-04T17:06:17.913Z" },
    { url = "https://files.pythonhosted.org/packages/ce/e2/eb7efa015b4cce41e2517bf182a7fce0d7d5b9d9ed76a29bfa0f4fe4505c/numpy-2.5.1-cp312-cp312-macosx_14_0_x86_64.whl", hash = "sha256:2ae0ca40bcb22d6ba59c1dfd5446f49940b0f2d821fde133f10dda11f816b84e", size = 6664863, upload-time = "2026-07-04T17:06:20.02Z" },
    { url = "https://files.pythonhosted.org/packages/a9/4b/a2b32dd94ee9ffbeecb28152240042a3949db33b1c834d44090b80e1b3b8/numpy-2.5.1-cp312-cp312-manylinux_2_27_aarch64.manylinux_2_28_aarch64.whl", hash = "sha256:61ac47e772e6b8ea489e1d2f441a34c5c3ac17327e7ce294cbdf535795ad4e75", size = 15167977, upload-time = "2026-07-04T17:06:21.621Z" },
    { url = "https://files.pythonhosted.org/packages/b8/a9/6e73d68500f80773f65f0654ea932019d6694329a0eb0ed0533de38df376/numpy-2.5.1-cp312-cp312-manylinux_2_27_x86_64.manylinux_2_28_x86_64.whl", hash = "sha256:59fda5e192b570217ec2580c96f00e9a7e12ef6866a900eb089b62c1a32545ca", size = 16672469, upload-time = "2026-07-04T17:06:24.064Z" },
    { url = "https://files.pythonhosted.org/packages/24/7d/ad3e59015135f5261c95fd4cafeff159c955febd83a99a1d9250c4233815/numpy-2.5.1-cp312-cp312-musllinux_1_2_aarch64.whl", hash = "sha256:f7119ebff1a9829e9f431a4f9d28e703023bb6b9fe7c8f724467dbfc27c94ab3", size = 16527531, upload-time = "2026-07-04T17:06:26.69Z" },
    { url = "https://files.pythonhosted.org/packages/83/d0/a39b2fbcde9cb17a1dac678f254b33a6336298af9df338824c685425d5e8/numpy-2.5.1-cp312-cp312-musllinux_1_2_x86_64.whl", hash = "sha256:e824c2acf8862052246be5a44c15da1777940c60d010dd2aab897824d9c430f9", size = 18431940, upload-time = "2026-07-04T17:06:29.521Z" },
    { url = "https://files.pythonhosted.org/packages/04/12/cff070947791c1ed425ff76413189adbdc2fbe215eba7ce7fa454a03c7f8/numpy-2.5.1-cp312-cp312-win32.whl", hash = "sha256:08d60c810432eb83360958dea0999ac4cfb94531ea8efcbf0b7f277c2068aeb2", size = 6066764, upload-time = "2026-07-04T17:06:32.571Z" },
    { url = "https://files.pythonhosted.org/packages/65/66/53f31807a48a750f9d748da273bc3fcedd12b27ff1f3e373bfec55ef2dc0/numpy-2.5.1-cp312-cp312-win_amd64.whl", hash = "sha256:f7d60026c0bdb1380e83bfa7a0419c4577ee4b9a08880afcb6dadeb74c649fa2", size = 12430966, upload-time = "2026-07-04T17:06:34.926Z" },
    { url = "https://files.pythonhosted.org/packages/2b/2a/d1a88066b1c14186f5d3c0d18c94f17b064511982bab0578d49ee9d43c29/numpy-2.5.1-cp312-cp312-win_arm64.whl", hash = "sha256:17a25e09640602e10bc8de0e6fa2b3fd68eedd84ba6d7842dc8f32f9ab87bd0b", size = 10350488, upload-time = "2026-07-04T17:06:37.785Z" },
]

[[package]]
name = "opencv-python-headless"
version = "5.0.0.93"
source = { registry = "https://pypi.org/simple" }
dependencies = [
    { name = "numpy" },
]
sdist = { url = "https://files.pythonhosted.org/packages/1d/99/76b7c80252aa83c1af16393454aafd125a0287101afe8deb0a6821af0e30/opencv_python_headless-5.0.0.93.tar.gz", hash = "sha256:b82f9831daab90b725c7c1ee1b36cb5732c367096ac76d119e64e14eb70d5f3c", size = 81817738, upload-time = "2026-07-02T07:01:06.039Z" }
wheels = [
    { url = "https://files.pythonhosted.org/packages/53/7c/8c8097891c509d98cd128493835c95631c80be6a8f37ed9d25716c2e16f1/opencv_python_headless-5.0.0.93-cp37-abi3-macosx_13_0_arm64.whl", hash = "sha256:030ca5e0837a2963ab36ef896baa9767eb8d2b83353fb28af5a521e40dd8756f", size = 48322581, upload-time = "2026-07-02T05:50:34.207Z" },
    { url = "https://files.pythonhosted.org/packages/90/8c/eab2ad388c3cbab2a350c10c2ef19ce6bd099240afc31789032c996bab52/opencv_python_headless-5.0.0.93-cp37-abi3-macosx_14_0_x86_64.whl", hash = "sha256:1e55af3abfb462eeeabe5c775f12bdb36216d8a93a3583d69e6bd6e1d6ba7d00", size = 34782894, upload-time = "2026-07-02T05:51:39.856Z" },
    { url = "https://files.pythonhosted.org/packages/ec/78/afca939f40ffe2b2380bfa86f812b2f7d4acc5a27b27dc41b49cad7ce7b4/opencv_python_headless-5.0.0.93-cp37-abi3-manylinux2014_aarch64.manylinux_2_17_aarch64.whl", hash = "sha256:10818d91510e05c04568ae12b5cd120779c70c01bf897b001a6221fe430df80f", size = 36521085, upload-time = "2026-07-02T06:55:24.429Z" },
    { url = "https://files.pythonhosted.org/packages/2b/97/8170e9819764c47e436c130d3ff6cfb73b58f923eae9d3a03d8982b04aec/opencv_python_headless-5.0.0.93-cp37-abi3-manylinux2014_x86_64.manylinux_2_17_x86_64.whl", hash = "sha256:09a872a157c1376ab922a69bbf22f9a95bcc7b658a9d8b436a60212b02b2eeb4", size = 56563598, upload-time = "2026-07-02T06:55:47.355Z" },
    { url = "https://files.pythonhosted.org/packages/3a/98/1a28a7101e31801042b3098871a74b76c61581d328ef40774ff4edb53a56/opencv_python_headless-5.0.0.93-cp37-abi3-manylinux_2_28_aarch64.whl", hash = "sha256:840bd717c21e5c11cadadc022a823315ea417f961213d06b4df010e019eb16f4", size = 39648433, upload-time = "2026-07-02T06:56:04.255Z" },
    { url = "https://files.pythonhosted.org/packages/9b/21/f6ef335f6e65724aa78b8d792b48d40a48c381715f1e62f5a5049e09d07e/opencv_python_headless-5.0.0.93-cp37-abi3-manylinux_2_28_x86_64.whl", hash = "sha256:ed709fdf9aa0bd1f2ed8549e71d19449b03a675bb581eb292285f6861953be37", size = 61204038, upload-time = "2026-07-02T06:56:41.823Z" },
    { url = "https://files.pythonhosted.org/packages/d0/8f/b8756467ea991449a293797f6b3fa80fcfdd29598a0a60d1cd5715b96e61/opencv_python_headless-5.0.0.93-cp37-abi3-win32.whl", hash = "sha256:c6bcd96b185975ea240d22cfdb15a1f6d080cc95264cfbe2621f21bb144d89b9", size = 35411237, upload-time = "2026-07-02T05:50:12.901Z" },
    { url = "https://files.pythonhosted.org/packages/b8/88/763b967f7efd7226b82c9fae16d560cba049b1f0c036647e65c610fd636e/opencv_python_headless-5.0.0.93-cp37-abi3-win_amd64.whl", hash = "sha256:829717b6a95554f273e49e357cee3b3a2a26b6f4842fbc1bed2b45bdd8f87e0e", size = 43825962, upload-time = "2026-07-02T05:50:09.627Z" },
]

[[package]]
name = "packaging"
version = "26.2"
source = { registry = "https://pypi.org/simple" }
sdist = { url = "https://files.pythonhosted.org/packages/d7/f1/e7a6dd94a8d4a5626c03e4e99c87f241ba9e350cd9e6d75123f992427270/packaging-26.2.tar.gz", hash = "sha256:ff452ff5a3e828ce110190feff1178bb1f2ea2281fa2075aadb987c2fb221661", size = 228134, upload-time = "2026-04-24T20:15:23.917Z" }
wheels = [
    { url = "https://files.pythonhosted.org/packages/df/b2/87e62e8c3e2f4b32e5fe99e0b86d576da1312593b39f47d8ceef365e95ed/packaging-26.2-py3-none-any.whl", hash = "sha256:5fc45236b9446107ff2415ce77c807cee2862cb6fac22b8a73826d0693b0980e", size = 100195, upload-time = "2026-04-24T20:15:22.081Z" },
]

[[package]]
name = "pefile"
version = "2024.8.26"
source = { registry = "https://pypi.org/simple" }
sdist = { url = "https://files.pythonhosted.org/packages/03/4f/2750f7f6f025a1507cd3b7218691671eecfd0bbebebe8b39aa0fe1d360b8/pefile-2024.8.26.tar.gz", hash = "sha256:3ff6c5d8b43e8c37bb6e6dd5085658d658a7a0bdcd20b6a07b1fcfc1c4e9d632", size = 76008, upload-time = "2024-08-26T20:58:38.155Z" }
wheels = [
    { url = "https://files.pythonhosted.org/packages/54/16/12b82f791c7f50ddec566873d5bdd245baa1491bac11d15ffb98aecc8f8b/pefile-2024.8.26-py3-none-any.whl", hash = "sha256:76f8b485dcd3b1bb8166f1128d395fa3d87af26360c2358fb75b80019b957c6f", size = 74766, upload-time = "2024-08-26T21:01:02.632Z" },
]

[[package]]
name = "pyaes"
version = "1.6.1"
source = { registry = "https://pypi.org/simple" }
sdist = { url = "https://files.pythonhosted.org/packages/44/66/2c17bae31c906613795711fc78045c285048168919ace2220daa372c7d72/pyaes-1.6.1.tar.gz", hash = "sha256:02c1b1405c38d3c370b085fb952dd8bea3fadcee6411ad99f312cc129c536d8f", size = 28536, upload-time = "2017-09-20T21:17:54.23Z" }

[[package]]
name = "pyinstaller"
version = "6.21.0"
source = { registry = "https://pypi.org/simple" }
dependencies = [
    { name = "altgraph" },
    { name = "macholib", marker = "sys_platform == 'darwin'" },
    { name = "packaging" },
    { name = "pefile", marker = "sys_platform == 'win32'" },
    { name = "pyinstaller-hooks-contrib" },
    { name = "pywin32-ctypes", marker = "sys_platform == 'win32'" },
    { name = "setuptools" },
]
sdist = { url = "https://files.pythonhosted.org/packages/d5/4d/ec706c3fcf39e26888c35b39615ff4d5865d184069666c47492cff1fbe50/pyinstaller-6.21.0.tar.gz", hash = "sha256:bb9fab705983e393a2d1cac77d6972513057ad800215fd861dc15ff5272e98fd", size = 4061519, upload-time = "2026-06-13T14:15:06.25Z" }
wheels = [
    { url = "https://files.pythonhosted.org/packages/0c/4a/53cf98bf66daed012dc9cd78c8203f19a675d696f2fc12afcf8c5049a0e0/pyinstaller-6.21.0-py3-none-macosx_10_13_universal2.whl", hash = "sha256:327d132389f37912609e01be62810cf96b5aa95b613903e4b8692e0d12fb0eda", size = 1052350, upload-time = "2026-06-13T14:13:55.88Z" },
    { url = "https://files.pythonhosted.org/packages/30/83/b591295c352ef464c50b4c6ffff1c4f771d875c9e833f578d1b9f564f6b3/pyinstaller-6.21.0-py3-none-manylinux2014_aarch64.whl", hash = "sha256:7071d4b094d5b40deeef5fa3d3b98a1b846087f7562b49209663d5f9281fe251", size = 748477, upload-time = "2026-06-13T14:14:00.327Z" },
    { url = "https://files.pythonhosted.org/packages/3d/8f/88fff4e403873b1e22286911350e75ff00db014aa08e57045da9d4328993/pyinstaller-6.21.0-py3-none-manylinux2014_i686.whl", hash = "sha256:6b6374d652107dd4a2eeece903ff82bb4045bb5e1006c5a158a6dcdbefe84bf2", size = 760877, upload-time = "2026-06-13T14:14:04.836Z" },
    { url = "https://files.pythonhosted.org/packages/8a/13/f0e48fbdfd1d05d948157121cea8b1b823dcb89efe6934b71fdd8bdb3f0f/pyinstaller-6.21.0-py3-none-manylinux2014_ppc64le.whl", hash = "sha256:4e3108b3f02384560da70e39b8bf22b0ad597d02bd68a40d76ea91c1cfa00cad", size = 759194, upload-time = "2026-06-13T14:14:10.61Z" },
    { url = "https://files.pythonhosted.org/packages/dd/d5/ea7878cf9924ed30d946d8288777424e6d069d94f5bde56b4d0890069664/pyinstaller-6.21.0-py3-none-manylinux2014_s390x.whl", hash = "sha256:697532279f535ad572bda613db4f821540e235c7854ca6da4d3bf0373f4415ee", size = 754979, upload-time = "2026-06-13T14:14:15.226Z" },
    { url = "https://files.pythonhosted.org/packages/9f/09/51b8905714b733bac66dbc041a7821372d70d888d273ae474c4037d4202d/pyinstaller-6.21.0-py3-none-manylinux2014_x86_64.whl", hash = "sha256:605169523a6b5ace39f13dfbff21add9f2bc43df99c7daf9394fefb2c45e8b6f", size = 754812, upload-time = "2026-06-13T14:14:20.264Z" },
    { url = "https://files.pythonhosted.org/packages/4b/43/d77779439d8c6c2e27a77bcfbd1d5cc0f568ebb611bb472b11af81b5f177/pyinstaller-6.21.0-py3-none-musllinux_1_1_aarch64.whl", hash = "sha256:5fa56746c1e76f93634d018502301378a2d0c382553d37d8c3c34ff436c12dd1", size = 753887, upload-time = "2026-06-13T14:14:25.268Z" },
    { url = "https://files.pythonhosted.org/packages/51/8f/c22df1f6837784ac349057ba693f08e7b1ca7a0e06f9c33c63bc6280007b/pyinstaller-6.21.0-py3-none-musllinux_1_1_x86_64.whl", hash = "sha256:42395ec76df8e8120c36b13339d9db8cab83e316a12839ee303cc00fc941bb74", size = 753779, upload-time = "2026-06-13T14:14:29.445Z" },
    { url = "https://files.pythonhosted.org/packages/c9/76/1ce8a27ce62ba8cf3a87c9ce6d575610f4e55d7cb0123e7512fc3f4b921a/pyinstaller-6.21.0-py3-none-win32.whl", hash = "sha256:c6b28d30d8fd99ce162ff3aab5013ed44dbfb747566b1f01b9bed7964d7c14e9", size = 1336462, upload-time = "2026-06-13T14:14:35.785Z" },
    { url = "https://files.pythonhosted.org/packages/c1/fa/ca1d7e5257dd8566a9dfc0dfb02f8a8075eeb53d4b2d3c579f1276759042/pyinstaller-6.21.0-py3-none-win_amd64.whl", hash = "sha256:7fae06c494ce0ebfe6bd3055c0e409def884f63af2e3705d06bd431ad9237fc7", size = 1397487, upload-time = "2026-06-13T14:14:42.328Z" },
    { url = "https://files.pythonhosted.org/packages/dc/75/21b51523ce8d96629b71311775a0a65f5f5a872124ab0de33e5c848f8bff/pyinstaller-6.21.0-py3-none-win_arm64.whl", hash = "sha256:f13c95c9c03fb567217135919f93815c305813126780b0ed6e0123cb8acaf025", size = 1346094, upload-time = "2026-06-13T14:14:48.914Z" },
]

[[package]]
name = "pyinstaller-hooks-contrib"
version = "2026.6"
source = { registry = "https://pypi.org/simple" }
dependencies = [
    { name = "packaging" },
]
sdist = { url = "https://files.pythonhosted.org/packages/94/5b/c9fe0db5e83ee1c39b2258fa21d23b15e1a60786b6c5990ee5074ead8bb6/pyinstaller_hooks_contrib-2026.6.tar.gz", hash = "sha256:bef5002c32f4f50bd55b005da12cff64eca8783e7eaf86a06a62410164bab725", size = 173354, upload-time = "2026-06-08T22:37:16.152Z" }
wheels = [
    { url = "https://files.pythonhosted.org/packages/e7/31/f2d7343d8ed5f7c4678377886f6ce533e6eaaa131b252ce950114c2a7efa/pyinstaller_hooks_contrib-2026.6-py3-none-any.whl", hash = "sha256:fd13b8ac126b35361175edacd41a0d97080b75dd5f4b594ecefefff969509dd3", size = 457159, upload-time = "2026-06-08T22:37:14.722Z" },
]

[[package]]
name = "pyright"
version = "1.1.411"
source = { registry = "https://pypi.org/simple" }
dependencies = [
    { name = "nodeenv" },
    { name = "typing-extensions" },
]
sdist = { url = "https://files.pythonhosted.org/packages/7e/ab/265f7dc69d28113ebba19092e57b075f41543b2ed048429c5f56e2b88eac/pyright-1.1.411.tar.gz", hash = "sha256:d885a0551f2e763b089a02702174e7f4ba77548cddabc972ab86d1f7f1b0f998", size = 4112861, upload-time = "2026-06-25T02:14:06.37Z" }
wheels = [
    { url = "https://files.pythonhosted.org/packages/0a/49/385be530a6a5b78d1cbcd5c2e38debc8959a2fc6bdb716f4e581002979fc/pyright-1.1.411-py3-none-any.whl", hash = "sha256:dc7c72a8e2700c55baa127554040e067041ea53ccfd50bf96308cc4291c7d5d9", size = 6181526, upload-time = "2026-06-25T02:14:04.691Z" },
]

[[package]]
name = "pywin32-ctypes"
version = "0.2.3"
source = { registry = "https://pypi.org/simple" }
sdist = { url = "https://files.pythonhosted.org/packages/85/9f/01a1a99704853cb63f253eea009390c88e7131c67e66a0a02099a8c917cb/pywin32-ctypes-0.2.3.tar.gz", hash = "sha256:d162dc04946d704503b2edc4d55f3dba5c1d539ead017afa00142c38b9885755", size = 29471, upload-time = "2024-08-14T10:15:34.626Z" }
wheels = [
    { url = "https://files.pythonhosted.org/packages/de/3d/8161f7711c017e01ac9f008dfddd9410dff3674334c233bde66e7ba65bbf/pywin32_ctypes-0.2.3-py3-none-any.whl", hash = "sha256:8a1513379d709975552d202d942d9837758905c8d01eb82b8bcc30918929e7b8", size = 30756, upload-time = "2024-08-14T10:15:33.187Z" },
]

[[package]]
name = "requests"
version = "2.34.2"
source = { registry = "https://pypi.org/simple" }
dependencies = [
    { name = "certifi" },
    { name = "charset-normalizer" },
    { name = "idna" },
    { name = "urllib3" },
]
sdist = { url = "https://files.pythonhosted.org/packages/ac/c3/e2a2b89f2d3e2179abd6d00ebd70bff6273f37fb3e0cc209f48b39d00cbf/requests-2.34.2.tar.gz", hash = "sha256:f288924cae4e29463698d6d60bc6a4da69c89185ad1e0bcc4104f584e960b9ed", size = 142856, upload-time = "2026-05-14T19:25:27.735Z" }
wheels = [
    { url = "https://files.pythonhosted.org/packages/a0/f4/c67b0b3f1b9245e8d266f0f112c500d50e5b4e83cb6f3b71b6528104182a/requests-2.34.2-py3-none-any.whl", hash = "sha256:2a0d60c172f83ac6ab31e4554906c0f3b3588d37b5cb939b1c061f4907e278e0", size = 73075, upload-time = "2026-05-14T19:25:26.443Z" },
]

[[package]]
name = "ruff"
version = "0.16.0"
source = { registry = "https://pypi.org/simple" }
sdist = { url = "https://files.pythonhosted.org/packages/4d/94/1e5e4967626faf12fa56999cd6222dff6992ceb086ad7945756baf70c7a7/ruff-0.16.0.tar.gz", hash = "sha256:e460aafd5495ec89efaa6ced2e4a9a581116451e1c88b9d37ef497e0f8e93982", size = 4790557, upload-time = "2026-07-23T19:11:30.981Z" }
wheels = [
    { url = "https://files.pythonhosted.org/packages/4b/81/1c8818fee7ce1a04cd7d1b3172e0a8f8e4f1dc4feb7fc390e16daa8af323/ruff-0.16.0-py3-none-linux_armv6l.whl", hash = "sha256:e5115729eb08c585e5121978ba5d5b60caeae394ce21b9fb5e6cd33a1c6c9b1e", size = 10754633, upload-time = "2026-07-23T19:10:46.415Z" },
    { url = "https://files.pythonhosted.org/packages/23/df/beaf59c09d68db84304d555f188b276a77132a5d5b0b67a5c762aa143628/ruff-0.16.0-py3-none-macosx_10_12_x86_64.whl", hash = "sha256:3c954b1d580bfa035b41654f7858cc7e71d5fc3ac5b723dd62bd9133830ed522", size = 10969164, upload-time = "2026-07-23T19:10:50.271Z" },
    { url = "https://files.pythonhosted.org/packages/42/ce/741cd197496a1abbf51352710fd15ed995d2a2be87189c1da26a450d6e83/ruff-0.16.0-py3-none-macosx_11_0_arm64.whl", hash = "sha256:e01c21d10eb1b29f47b7454e1f4056db9a3f0260c646aa88457c610291db9f81", size = 10488846, upload-time = "2026-07-23T19:10:52.639Z" },
    { url = "https://files.pythonhosted.org/packages/52/2a/a2db8e88cade358f5cdcb05674a917751074109315d014eb6352d9a893f7/ruff-0.16.0-py3-none-manylinux_2_17_aarch64.manylinux2014_aarch64.whl", hash = "sha256:6e364e5ed22ed8dc05082fd78e35308618260907ac2d3c1d637b2e682415b6c9", size = 10889729, upload-time = "2026-07-23T19:10:54.89Z" },
    { url = "https://files.pythonhosted.org/packages/42/65/62a771694ebd63029dc953e27dbad40e1588bd4860ff9fe881018fddaa49/ruff-0.16.0-py3-none-manylinux_2_17_armv7l.manylinux2014_armv7l.whl", hash = "sha256:d327b8fc113a1d4421a04f3839d3752057c8dd1ee320223a6f3f52d04ada462a", size = 10568275, upload-time = "2026-07-23T19:10:56.993Z" },
    { url = "https://files.pythonhosted.org/packages/3f/e2/ced249fe8af5f086c5c58cc21cc3356d50f32f7401c5df87050c999620a7/ruff-0.16.0-py3-none-manylinux_2_17_i686.manylinux2014_i686.whl", hash = "sha256:a9b50c55e263103586b3dcf5f73d479eb8cb5fdb6098fec59a62891dab653717", size = 11385112, upload-time = "2026-07-23T19:10:59.615Z" },
    { url = "https://files.pythonhosted.org/packages/87/0b/05154977a8fd69eeb6c103271f55403bfd8711f5c0f8ed07489d95a504e7/ruff-0.16.0-py3-none-manylinux_2_17_ppc64le.manylinux2014_ppc64le.whl", hash = "sha256:0ff4a79ce3ec0172f3241943835de1c4cb4e2dcd07f0f8c2d02603dbbbee4b17", size = 12207008, upload-time = "2026-07-23T19:11:02.154Z" },
    { url = "https://files.pythonhosted.org/packages/fb/29/98225831a3a1eab0e02f4acc6ca6559a98611dcc68b6965ff4b7234627c1/ruff-0.16.0-py3-none-manylinux_2_17_s390x.manylinux2014_s390x.whl", hash = "sha256:e95c448fca1fb2a18372a9440926c5a6ee789639bb975c72e7ae6d0b04218ab4", size = 11650842, upload-time = "2026-07-23T19:11:04.557Z" },
    { url = "https://files.pythonhosted.org/packages/91/66/6bd3cf90500653d55dc0ffc8507aa8300bd49d0214b2e8cb4d3fef2943ba/ruff-0.16.0-py3-none-manylinux_2_17_x86_64.manylinux2014_x86_64.whl", hash = "sha256:4f11a8d11010301d0a398a2fdef67691feca7294da6aef55e2150e8fa2cd520b", size = 11400718, upload-time = "2026-07-23T19:11:09.233Z" },
    { url = "https://files.pythonhosted.org/packages/8e/a2/a54eb4eae05d66364050a5d3b8a9c5ef88196531b3cbe7109d873f87f819/ruff-0.16.0-py3-none-manylinux_2_31_riscv64.whl", hash = "sha256:48044c678e9cb8698246c99b14aaccfa6601dea7379eb48a6f8f73f7a6d86cd0", size = 11426177, upload-time = "2026-07-23T19:11:11.994Z" },
    { url = "https://files.pythonhosted.org/packages/1a/be/16e3eea4b2a478a496919f5e36f17c4559e54620bd3bbac5d6affa068006/ruff-0.16.0-py3-none-musllinux_1_2_aarch64.whl", hash = "sha256:7aa0959bad8eb8bef50340154fc9b58678dae31fa4293afa38b44b6e552c0213", size = 10856126, upload-time = "2026-07-23T19:11:14.221Z" },
    { url = "https://files.pythonhosted.org/packages/a2/84/252eb8b868a16eec7257c14f504f77537e734b2d69c762e639e588e304a3/ruff-0.16.0-py3-none-musllinux_1_2_armv7l.whl", hash = "sha256:28ea2b7df8ebf7f9da6b7d47b230ab48f387c0a29be3b474c4d0740e197bb9af", size = 10571208, upload-time = "2026-07-23T19:11:16.378Z" },
    { url = "https://files.pythonhosted.org/packages/21/09/817a482f542f7570cbb4554b26e896610c7114f539b1d9e2d2145bf6bef6/ruff-0.16.0-py3-none-musllinux_1_2_i686.whl", hash = "sha256:33a3dfac8c35f81498dea9181bccc2f4c4bc8f1521a1dd9406e77643e0f0fb09", size = 11063329, upload-time = "2026-07-23T19:11:19.173Z" },
    { url = "https://files.pythonhosted.org/packages/2e/23/9403c180ca1cb9b1f7335f5c3e5305c09d49ea5b345196682a36028bde4a/ruff-0.16.0-py3-none-musllinux_1_2_x86_64.whl", hash = "sha256:a5237a0bda500d30d81b8e07a6973a5cbc772864cbf746ae2f4e8a2e01c9f4ed", size = 11489751, upload-time = "2026-07-23T19:11:21.74Z" },
    { url = "https://files.pythonhosted.org/packages/b2/1d/1b2ef7bcde851c78d7f17f1cca13fd6dc695fc4b3d6197941e72cae5b132/ruff-0.16.0-py3-none-win32.whl", hash = "sha256:7fab76fa065c873f41ff744347c6e77bcc3dfec4bcc754dc26b63d23c0f7f5fb", size = 10785885, upload-time = "2026-07-23T19:11:23.947Z" },
    { url = "https://files.pythonhosted.org/packages/b2/a3/d5e4ef7a56be3f928ffb90b94c25ba7d3cb9c7fe0736aeaaedf361770712/ruff-0.16.0-py3-none-win_amd64.whl", hash = "sha256:429c117f022bf481fabd9d551e7a3952b24c65e6ef44337ea09d90bebef14472", size = 11923141, upload-time = "2026-07-23T19:11:26.409Z" },
    { url = "https://files.pythonhosted.org/packages/cb/9a/8415f2657cbe200f41a4531ccededf135505a92d4a012229121f885b26f9/ruff-0.16.0-py3-none-win_arm64.whl", hash = "sha256:14296fedcd2705c77ab8235439278bbb38f285cf7da5528b00b3e330c3d4872d", size = 11273407, upload-time = "2026-07-23T19:11:28.705Z" },
]

[[package]]
name = "setuptools"
version = "83.0.0"
source = { registry = "https://pypi.org/simple" }
sdist = { url = "https://files.pythonhosted.org/packages/34/26/f5d29e25ffdb535afef2d35cdb55b325298f96debd670da4c325e08d70f4/setuptools-83.0.0.tar.gz", hash = "sha256:025bccbbf0fa05b6192bc64ae1e7b16e001fd6d6d4d5de03c97b1c1ade523bef", size = 1154254, upload-time = "2026-07-04T15:31:22.699Z" }
wheels = [
    { url = "https://files.pythonhosted.org/packages/5d/40/e1e72872c6354b306daef1703549e8e83b4d43cfea356311bf722a043752/setuptools-83.0.0-py3-none-any.whl", hash = "sha256:29b23c360f22f414dc7336bb39178cc7bcbf6021ed2733cde173f09dba19abb3", size = 1008090, upload-time = "2026-07-04T15:31:20.885Z" },
]

[[package]]
name = "typing-extensions"
version = "4.16.0"
source = { registry = "https://pypi.org/simple" }
sdist = { url = "https://files.pythonhosted.org/packages/f6/cc/6253133b5bb138fc3306cebfbda2c520f545d36b5be2c7255cc528bb45d6/typing_extensions-4.16.0.tar.gz", hash = "sha256:dc983d19a509c94dba722ee6abd33940f7c05a89e243c47e907eb4db6f1a43e5", size = 113555, upload-time = "2026-07-02T08:40:05.92Z" }
wheels = [
    { url = "https://files.pythonhosted.org/packages/49/d3/b8441a820a491ddfc024b0b0cf0393375b75ea13866d9c66727e54c2fc80/typing_extensions-4.16.0-py3-none-any.whl", hash = "sha256:481caa481374e813c1b176ada14e97f1f67a4539ce9cfeb3f350d78d6370c2e8", size = 45571, upload-time = "2026-07-02T08:40:04.659Z" },
]

[[package]]
name = "urllib3"
version = "2.7.0"
source = { registry = "https://pypi.org/simple" }
sdist = { url = "https://files.pythonhosted.org/packages/53/0c/06f8b233b8fd13b9e5ee11424ef85419ba0d8ba0b3138bf360be2ff56953/urllib3-2.7.0.tar.gz", hash = "sha256:231e0ec3b63ceb14667c67be60f2f2c40a518cb38b03af60abc813da26505f4c", size = 433602, upload-time = "2026-05-07T16:13:18.596Z" }
wheels = [
    { url = "https://files.pythonhosted.org/packages/7f/3e/5db95bcf282c52709639744ca2a8b149baccf648e39c8cc87553df9eae0c/urllib3-2.7.0-py3-none-any.whl", hash = "sha256:9fb4c81ebbb1ce9531cce37674bbc6f1360472bc18ca9a553ede278ef7276897", size = 131087, upload-time = "2026-05-07T16:13:17.151Z" },
]

[[package]]
name = "weban"
version = "3.8.3"
source = { virtual = "." }
dependencies = [
    { name = "loguru" },
    { name = "nodriver" },
    { name = "numpy" },
    { name = "opencv-python-headless" },
    { name = "pyaes" },
    { name = "requests" },
]

[package.dev-dependencies]
dev = [
    { name = "pyinstaller" },
    { name = "pyright" },
    { name = "ruff" },
]

[package.metadata]
requires-dist = [
    { name = "loguru", specifier = ">=0.7.3" },
    { name = "nodriver", specifier = ">=0.50.3" },
    { name = "numpy", specifier = ">=2.4.6" },
    { name = "opencv-python-headless", specifier = ">=4.13.0.92" },
    { name = "pyaes", specifier = ">=1.6.1" },
    { name = "requests", specifier = ">=2.34.2" },
]

[package.metadata.requires-dev]
dev = [
    { name = "pyinstaller", specifier = ">=6.20.0" },
    { name = "pyright", specifier = ">=1.1.409" },
    { name = "ruff", specifier = ">=0.15.15" },
]

[[package]]
name = "websockets"
version = "16.1.1"
source = { registry = "https://pypi.org/simple" }
sdist = { url = "https://files.pythonhosted.org/packages/21/f7/bc3a25c5ec26ce62ce487690becc2f3710bbc7b33338f005ad390db0b986/websockets-16.1.1.tar.gz", hash = "sha256:db234eda965dcce15df96bb9709f587cd87d4d52aaf0e80e2f34ec04c7670c57", size = 182204, upload-time = "2026-07-17T22:51:05.858Z" }
wheels = [
    { url = "https://files.pythonhosted.org/packages/17/9d/681cda21c9eee743203a6cb79b9d3d05adad9aa60ec660c6c9bf4dd619ca/websockets-16.1.1-cp312-cp312-macosx_10_13_universal2.whl", hash = "sha256:cc97814dfb786a83b6e2dc2e79351e1b83e6d715647d6887fcabd83026417a00", size = 179600, upload-time = "2026-07-17T22:49:13.92Z" },
    { url = "https://files.pythonhosted.org/packages/fb/8d/6195a88b45e8d2a8f745fc2046e36f885a3c9763e6767d2c46229bf9510c/websockets-16.1.1-cp312-cp312-macosx_10_13_x86_64.whl", hash = "sha256:e047dc87ef7ca50f4d309bf775ad4a71711c58556d75d7bd0604b2317f43e94b", size = 177272, upload-time = "2026-07-17T22:49:15.453Z" },
    { url = "https://files.pythonhosted.org/packages/73/e3/fe2d498c64dea0095c9a9f9a351af4cd6eef31b618395582bc1f38ba45ff/websockets-16.1.1-cp312-cp312-macosx_11_0_arm64.whl", hash = "sha256:01fbdcbac298efe19360b94bc0039c8f746f0220ba570f327577bfee81059175", size = 177542, upload-time = "2026-07-17T22:49:16.875Z" },
    { url = "https://files.pythonhosted.org/packages/fe/ed/f1831681fce0e3242346e5458486003c5f124ed69e5e0b847fd029db4973/websockets-16.1.1-cp312-cp312-manylinux1_x86_64.manylinux_2_28_x86_64.manylinux_2_5_x86_64.whl", hash = "sha256:0f62863e8a00a6d33c3d6566ec0b89f23787b747ffe0c3bc71ec0e76b82c94b1", size = 187137, upload-time = "2026-07-17T22:49:18.323Z" },
    { url = "https://files.pythonhosted.org/packages/6f/79/4ff9dcc1bb46f6b4c536936dde1fd60f9b564f3304307274db97f4c9496d/websockets-16.1.1-cp312-cp312-manylinux2014_aarch64.manylinux_2_17_aarch64.manylinux_2_28_aarch64.whl", hash = "sha256:8087e82f842609734c9b5a1330464f8e94e346ba0e18c832c08bafa4b0d63c15", size = 188374, upload-time = "2026-07-17T22:49:19.65Z" },
    { url = "https://files.pythonhosted.org/packages/62/c3/5c49b6efb36cab733d23773f6de575e1dba65736ead17d5d2b2a1daef779/websockets-16.1.1-cp312-cp312-manylinux2014_armv7l.manylinux_2_17_armv7l.manylinux_2_31_armv7l.whl", hash = "sha256:2bb5d041a8307d2e18782e7ce777f6fdb1e8c2f5d09291484b18c294b789d9aa", size = 191155, upload-time = "2026-07-17T22:49:21.331Z" },
    { url = "https://files.pythonhosted.org/packages/6e/f6/56ccceda3a4838d18f1d40821480da4775397e8b1eecf4031e20c50e2e90/websockets-16.1.1-cp312-cp312-manylinux2014_ppc64le.manylinux_2_17_ppc64le.manylinux_2_28_ppc64le.whl", hash = "sha256:1db4de4a0e95673f7545d393c49eeb0c2f18ac1ef93073218c79d5cdb2ee75ab", size = 189011, upload-time = "2026-07-17T22:49:22.889Z" },
    { url = "https://files.pythonhosted.org/packages/86/d6/ad5286241a2bce1107e2798d3bfbd62cf79aee167bdb654f8cb1e9dbf949/websockets-16.1.1-cp312-cp312-manylinux2014_s390x.manylinux_2_17_s390x.manylinux_2_28_s390x.whl", hash = "sha256:f17dbe07eb3ea7f99e4df9b7e0efefe80fbf30d37a8cc4d561a0aed310bc8847", size = 187766, upload-time = "2026-07-17T22:49:24.339Z" },
    { url = "https://files.pythonhosted.org/packages/bc/67/d65c970b7e347fdca69479beb7811c2060529956730a7a4e3ae7c66b0e31/websockets-16.1.1-cp312-cp312-manylinux_2_31_riscv64.manylinux_2_39_riscv64.whl", hash = "sha256:4b57693728576d84ede0a77987ab16881b783d2cd9f1dc180a8fbbc3f79c4428", size = 185173, upload-time = "2026-07-17T22:49:25.743Z" },
    { url = "https://files.pythonhosted.org/packages/1d/5b/14af3cd4ee69d8ea9baca58f3dc3cfb1ba78332a347fd478cb096549d60e/websockets-16.1.1-cp312-cp312-musllinux_1_2_aarch64.whl", hash = "sha256:2a636ff1e7a5c4edf71ef0e79adae7f25dba93b4fcbe3dc958733477ffeb0eaf", size = 187809, upload-time = "2026-07-17T22:49:27.147Z" },
    { url = "https://files.pythonhosted.org/packages/7b/11/be301710d70de97e3e7b3586e6d492c9c06d6a61bf1c2202c36cf0c75607/websockets-16.1.1-cp312-cp312-musllinux_1_2_armv7l.whl", hash = "sha256:d6bec75c290fe484a8ba4cacdf838501e17c06ecfbbf31eede81a9e431bd7751", size = 186412, upload-time = "2026-07-17T22:49:28.611Z" },
    { url = "https://files.pythonhosted.org/packages/db/07/fe1435bf6fe738a3d3b54dbe0c18dabf12cba4d909ac8b58b539ce27c1f4/websockets-16.1.1-cp312-cp312-musllinux_1_2_ppc64le.whl", hash = "sha256:54509b8e92fee4453e152b7558ddef37ce9705a044922f2095a6105e3f80c96f", size = 188290, upload-time = "2026-07-17T22:49:29.965Z" },
    { url = "https://files.pythonhosted.org/packages/8a/0a/81f394aff8efcbb01208c1ced77df0a3c7fcce584a88c7273663697946c2/websockets-16.1.1-cp312-cp312-musllinux_1_2_riscv64.whl", hash = "sha256:f0aa4aad3b1b69ad3fd85a0fd0952ec64331c762bd77ec51cc814170873890b2", size = 185844, upload-time = "2026-07-17T22:49:31.447Z" },
    { url = "https://files.pythonhosted.org/packages/39/5c/dd485b995473f415510251fe9bd708f2d24458f439fce958daf8d66dc7c6/websockets-16.1.1-cp312-cp312-musllinux_1_2_s390x.whl", hash = "sha256:42290eb6db4ccaca7012656738214f8514082fb6fa40cdeb61bb9a471b52e383", size = 186823, upload-time = "2026-07-17T22:49:33.104Z" },
    { url = "https://files.pythonhosted.org/packages/9d/0b/f78de76ff446f1e66af12b43c48a35f31744de93cfdec2f4ea67d5d7bbf1/websockets-16.1.1-cp312-cp312-musllinux_1_2_x86_64.whl", hash = "sha256:53260c8930da5771cec89439bff99c20c8cb03ddb9588b980697355a83cd4bd3", size = 187102, upload-time = "2026-07-17T22:49:34.616Z" },
    { url = "https://files.pythonhosted.org/packages/37/a1/4cf892007778eaf84ad162bfc98046e0ed89b63ac55949e3236626b2a23f/websockets-16.1.1-cp312-cp312-win32.whl", hash = "sha256:1d27fa8462ad6a1cb36206a3d0640b2333340def181fae11ed7f9adeaa5c0747", size = 179943, upload-time = "2026-07-17T22:49:36.213Z" },
    { url = "https://files.pythonhosted.org/packages/d9/de/6abe251d28c3a3f217096575400b27750b18e0b1d2fff3a2a239960fea07/websockets-16.1.1-cp312-cp312-win_amd64.whl", hash = "sha256:b436f6ec4fc3a6b4237c84d3f83170ed2b40bb584222f0ac47a0c8a5921980c7", size = 180243, upload-time = "2026-07-17T22:49:37.626Z" },
    { url = "https://files.pythonhosted.org/packages/be/4d/2d0d67834092e354d2b0498f014a41249a89556bc406cf86f3e1557bb463/websockets-16.1.1-py3-none-any.whl", hash = "sha256:6abbd3e82c731c8e531714466acd5d87b5e88ac3243465337ba71d68e23ae7e3", size = 173814, upload-time = "2026-07-17T22:51:04.184Z" },
]

[[package]]
name = "win32-setctime"
version = "1.2.0"
source = { registry = "https://pypi.org/simple" }
sdist = { url = "https://files.pythonhosted.org/packages/b3/8f/705086c9d734d3b663af0e9bb3d4de6578d08f46b1b101c2442fd9aecaa2/win32_setctime-1.2.0.tar.gz", hash = "sha256:ae1fdf948f5640aae05c511ade119313fb6a30d7eabe25fef9764dca5873c4c0", size = 4867, upload-time = "2024-12-07T15:28:28.314Z" }
wheels = [
    { url = "https://files.pythonhosted.org/packages/e1/07/c6fe3ad3e685340704d314d765b7912993bcb8dc198f0e7a89382d37974b/win32_setctime-1.2.0-py3-none-any.whl", hash = "sha256:95d644c4e708aba81dc3704a116d8cbc974d70b3bdb8be1d150e36be6e9d1390", size = 4083, upload-time = "2024-12-07T15:28:26.465Z" },
]

[[package]]
name = "wrapt"
version = "2.2.2"
source = { registry = "https://pypi.org/simple" }
sdist = { url = "https://files.pythonhosted.org/packages/fe/a4/282c8e64300a59fc834518a54bf0afabb4ff9218b5fa76958b450459a844/wrapt-2.2.2.tar.gz", hash = "sha256:0788e321027c999bf221b667bd4a54aaefd1a36283749a860ac3eb77daed0302", size = 129068, upload-time = "2026-06-20T23:49:44.49Z" }
wheels = [
    { url = "https://files.pythonhosted.org/packages/2a/85/180b40628b23772692a0c76e8030114e1c0ae068470ed531919f0a5f2a4a/wrapt-2.2.2-cp312-cp312-macosx_10_13_x86_64.whl", hash = "sha256:8417fd3c674d3c8023d080292d29301531a12daf8bd938dd419710dd2f464f2b", size = 81484, upload-time = "2026-06-20T23:47:59.924Z" },
    { url = "https://files.pythonhosted.org/packages/94/f2/21c90f2a16689702e2aaff45795b11018dff2c9b1242bac10d225483f676/wrapt-2.2.2-cp312-cp312-macosx_11_0_arm64.whl", hash = "sha256:0e7070c7472582e31af3dfc2622b2381a0df7435110a9388ed8db5ffbce67efb", size = 82151, upload-time = "2026-06-20T23:48:01.303Z" },
    { url = "https://files.pythonhosted.org/packages/5f/b3/7e6e9fcf4fe7e1b69a49fe6cc5a44e8224bab6283c5233c97e132f14908e/wrapt-2.2.2-cp312-cp312-manylinux1_x86_64.manylinux_2_28_x86_64.manylinux_2_5_x86_64.whl", hash = "sha256:2e096c9d39a59b35b63c9aacfbbbec2088ff51ff1fc31051acc60a07f42f273a", size = 169828, upload-time = "2026-06-20T23:48:02.719Z" },
    { url = "https://files.pythonhosted.org/packages/0b/43/894f132d857ed5a9904d937baf368badcbe5ea9e436e2f1930fe21c9f1f0/wrapt-2.2.2-cp312-cp312-manylinux2014_aarch64.manylinux_2_17_aarch64.manylinux_2_28_aarch64.whl", hash = "sha256:6d1a6050405bf334be33bf66296f113563622972a34900ae6fa60fd283a1a900", size = 171544, upload-time = "2026-06-20T23:48:04.266Z" },
    { url = "https://files.pythonhosted.org/packages/29/de/3c833e03725b477e9ea34028224dd21a48781830101e4e036f77e8b6b102/wrapt-2.2.2-cp312-cp312-manylinux_2_31_riscv64.manylinux_2_39_riscv64.whl", hash = "sha256:10adb01371408c6de504a6658b9886480f1a4919a83752748a387a504a21df79", size = 160663, upload-time = "2026-06-20T23:48:05.708Z" },
    { url = "https://files.pythonhosted.org/packages/33/be/27edce350b24e3054d9d047f65f16d4c4d4c1f3f31c4278a1f8a95c723c8/wrapt-2.2.2-cp312-cp312-musllinux_1_2_aarch64.whl", hash = "sha256:3442eee2a5798f9b451f1b2cd7518ce8b7e28a2a364696c414460a0e295c012a", size = 169387, upload-time = "2026-06-20T23:48:07.243Z" },
    { url = "https://files.pythonhosted.org/packages/e2/c4/9fd9679af8bf38e146652c7f47b6b352c3e5795b4ad1c0b7f94e15ac2aa7/wrapt-2.2.2-cp312-cp312-musllinux_1_2_riscv64.whl", hash = "sha256:6c99012a22f735a85eed7c4b86a3e99c30fdd57d9e115b2b45f796264b58d0bf", size = 158849, upload-time = "2026-06-20T23:48:08.91Z" },
    { url = "https://files.pythonhosted.org/packages/bc/c2/aa6c0c2206803068c6859dabe01f8c84c43744da93d4c67b8946d21655ee/wrapt-2.2.2-cp312-cp312-musllinux_1_2_x86_64.whl", hash = "sha256:3b686cfc008776a3952d6213cb296ed7f45d782a8453936406faa89eac0835ab", size = 168147, upload-time = "2026-06-20T23:48:10.374Z" },
    { url = "https://files.pythonhosted.org/packages/42/63/3eb25da41049d20ae18fcab2dd8b056e02387c4bfa626cbdfb7c3b872e4f/wrapt-2.2.2-cp312-cp312-win32.whl", hash = "sha256:ef2cce266b5b0b07e19fa82e59673b81142b7a3607c8ed1254113d048ed668da", size = 77734, upload-time = "2026-06-20T23:48:11.769Z" },
    { url = "https://files.pythonhosted.org/packages/da/09/0390e008a305360948fa9ce69507d041ac12cb2ee5d28e34467e2ee79391/wrapt-2.2.2-cp312-cp312-win_amd64.whl", hash = "sha256:abf8c20a2d72ee69e16328b3c91342c446e723bfe48bfcc4dded3b9722ac027f", size = 80585, upload-time = "2026-06-20T23:48:13.117Z" },
    { url = "https://files.pythonhosted.org/packages/d3/b3/84c445c66969f2d3457276b183a48c91097d59bbef9af6c075366b0f8c36/wrapt-2.2.2-cp312-cp312-win_arm64.whl", hash = "sha256:c6c64c5d02578bc4c4bca4f0aef1504de933c1d5b4ac2710b9131111459506c8", size = 79553, upload-time = "2026-06-20T23:48:14.5Z" },
    { url = "https://files.pythonhosted.org/packages/6e/d2/6317eb6d4554855bbf12d61857774af34747bf88a42c19bf306de67e2fa3/wrapt-2.2.2-py3-none-any.whl", hash = "sha256:5bad217350f19ce99ca5b5e71d406765ea86fe541628426772b657375ee1c048", size = 61460, upload-time = "2026-06-20T23:49:42.966Z" },
]
