version = 1
revision = 3
requires-python = "==3.12.*"
resolution-markers = [
    "sys_platform == 'darwin'",
    "platform_machine == 'aarch64' and sys_platform == 'linux'",
    "(platform_machine != 'aarch64' and sys_platform == 'linux') or (sys_platform != 'darwin' and sys_platform != 'linux')",
]

[[package]]
name = "altgraph"
version = "0.17.5"
source = { registry = "https://mirrors.nju.edu.cn/pypi/web/simple" }
sdist = { url = "https://mirrors.nju.edu.cn/pypi/web/packages/7e/f8/97fdf103f38fed6792a1601dbc16cc8aac56e7459a9fff08c812d8ae177a/altgraph-0.17.5.tar.gz", hash = "sha256:c87b395dd12fabde9c99573a9749d67da8d29ef9de0125c7f536699b4a9bc9e7" }
wheels = [
    { url = "https://mirrors.nju.edu.cn/pypi/web/packages/a9/ba/000a1996d4308bc65120167c21241a3b205464a2e0b58deda26ae8ac21d1/altgraph-0.17.5-py2.py3-none-any.whl", hash = "sha256:f3a22400bce1b0c701683820ac4f3b159cd301acab067c51c653e06961600597" },
]

[[package]]
name = "certifi"
version = "2026.7.22"
source = { registry = "https://mirrors.nju.edu.cn/pypi/web/simple" }
sdist = { url = "https://mirrors.nju.edu.cn/pypi/web/packages/a3/c2/24167ea9858356b47a87a50d39908bfdb72ceeefe0041586e704e5376b3a/certifi-2026.7.22.tar.gz", hash = "sha256:741e2c3b351ddf169a738da9f2c048608ff7f2c5cc02f1ebc6b118bb090d5d55" }
wheels = [
    { url = "https://mirrors.nju.edu.cn/pypi/web/packages/0b/a7/71ac2cff56fec219ed242bb11b8efb69fcc4bec75db06fb7bfe35de520e6/certifi-2026.7.22-py3-none-any.whl", hash = "sha256:62f22742b58a1a33014a2b6b706588a8d7e2a88ae7bd1a6ebe8c992928483775" },
]

[[package]]
name = "charset-normalizer"
version = "3.4.9"
source = { registry = "https://mirrors.nju.edu.cn/pypi/web/simple" }
sdist = { url = "https://mirrors.nju.edu.cn/pypi/web/packages/bd/2a/23f34ec9d04624958e137efdc394888716353190e75f25dd22c7a2c7a8aa/charset_normalizer-3.4.9.tar.gz", hash = "sha256:673611bbd43f0810bec0b0f028ddeaaa501190339cac411f347ac76917c3ae7b" }
wheels = [
    { url = "https://mirrors.nju.edu.cn/pypi/web/packages/70/4a/ecbd131485c07fcdfad54e28946d513e3da22ef3b4bd854dcafae54ec739/charset_normalizer-3.4.9-cp312-cp312-macosx_10_13_universal2.whl", hash = "sha256:45b0cc4e3556cd875e09102988d1ab8356c998b596c9fced84547c8138b487a0" },
    { url = "https://mirrors.nju.edu.cn/pypi/web/packages/ec/96/5d9364e3342d69f3a045e1777bc47c85c383e6e9466d561b33fdb419d1f9/charset_normalizer-3.4.9-cp312-cp312-manylinux2014_aarch64.manylinux_2_17_aarch64.manylinux_2_28_aarch64.whl", hash = "sha256:9b2aff1c7b3884512b9512c3eaadd9bab39fb45042ffaaa1dd08ff2b9f8109d9" },
    { url = "https://mirrors.nju.edu.cn/pypi/web/packages/4b/4c/5361f9aa7f2cb58d94f2ab831b3d493f69efb1d239654b4744e3c09527cb/charset_normalizer-3.4.9-cp312-cp312-manylinux2014_ppc64le.manylinux_2_17_ppc64le.manylinux_2_28_ppc64le.whl", hash = "sha256:9104ed0bd76a429d46f9ec0dbc9b08ad1d2dcdf2b00a5a0daa1c145329b35b44" },
    { url = "https://mirrors.nju.edu.cn/pypi/web/packages/50/78/ce342ca4ff30b2eb49fe6d9578df85974f90c67d294113e94efdd9664cbd/charset_normalizer-3.4.9-cp312-cp312-manylinux2014_s390x.manylinux_2_17_s390x.manylinux_2_28_s390x.whl", hash = "sha256:7b86a2b16095d250c6f58b3d9b2eee6f4147754344f3dab0922f7c9bf7d226c9" },
    { url = "https://mirrors.nju.edu.cn/pypi/web/packages/01/c4/4fa4c8b3097a11f3c5f09a35b72ed6855fb1d332469504962ab7bafcc702/charset_normalizer-3.4.9-cp312-cp312-manylinux2014_x86_64.manylinux_2_17_x86_64.manylinux_2_28_x86_64.whl", hash = "sha256:5e226f6218febc71f6c1fc2fafb91c226f75bdc1d8fb12d66823716e891608fd" },
    { url = "https://mirrors.nju.edu.cn/pypi/web/packages/87/3a/ad914516df7e358a81aae018caa5e0470ba827fa6d763b1d2e87d920a5f6/charset_normalizer-3.4.9-cp312-cp312-manylinux_2_31_armv7l.whl", hash = "sha256:90c44bc373b7687f6948b693cceaea1348ae0975d7474746559494468e3c1d84" },
    { url = "https://mirrors.nju.edu.cn/pypi/web/packages/d7/74/3c12f9755717dfe5c5c87da63f35d765fa0c00382ec26bf23f7fae34f2ba/charset_normalizer-3.4.9-cp312-cp312-manylinux_2_31_riscv64.manylinux_2_39_riscv64.whl", hash = "sha256:9cdef90ae47919cae358d8ab15797a800ed41da7aba5d72419fb510729e2ed4b" },
    { url = "https://mirrors.nju.edu.cn/pypi/web/packages/33/9a/895095b83e7907abd6d3d99aad3a38ad0d9686cc186cb0c94c24320fe63e/charset_normalizer-3.4.9-cp312-cp312-musllinux_1_2_aarch64.whl", hash = "sha256:60f44ade2cf573dad7a277e6f8ca9a51a21dda572b13bd7d8539bb3cd5dbedde" },
    { url = "https://mirrors.nju.edu.cn/pypi/web/packages/a1/34/ef5c05f412f42520d7709b7d3784d19640839eb7366ded1755511585429f/charset_normalizer-3.4.9-cp312-cp312-musllinux_1_2_armv7l.whl", hash = "sha256:a1786910334ed46ab1dd73222f2cd1e05c2c3bb39f6dddb4f8b36fc382058a39" },
    { url = "https://mirrors.nju.edu.cn/pypi/web/packages/83/dc/9b29fa4412b318bf3bfea985c35d67eb55e04b59a7c3f2237168b0e0be6f/charset_normalizer-3.4.9-cp312-cp312-musllinux_1_2_x86_64.whl", hash = "sha256:03d07803992c6c7bbc976327f34b18b6160327fc81cb82c9d504720ac0be3b62" },
    { url = "https://mirrors.nju.edu.cn/pypi/web/packages/0e/42/6dbc00b8cd16011691203e33570fa42ed5746599a2e878112d16eab403a3/charset_normalizer-3.4.9-cp312-cp312-win32.whl", hash = "sha256:78841cccf1af7b40f6f716338d50c0902dbe88d9f800b3c973b7a9a0a693a642" },
    { url = "https://mirrors.nju.edu.cn/pypi/web/packages/80/cc/f920afd1a23c58ccd53c1d36085a71893a4737ff5e66e0371efab6809850/charset_normalizer-3.4.9-cp312-cp312-win_amd64.whl", hash = "sha256:4b3dac63058cc36820b0dd072f89898604e2d39686fe05321729d00d8ac185a0" },
    { url = "https://mirrors.nju.edu.cn/pypi/web/packages/f0/e6/0386d43a261ff4e4b30c5857af7df877254b46bec7b9d1b74b6bf969a90b/charset_normalizer-3.4.9-cp312-cp312-win_arm64.whl", hash = "sha256:78fa18e436a1a0e58dbd7e02fc4473f3f32cceb12df9dfca542d075961c307d2" },
    { url = "https://mirrors.nju.edu.cn/pypi/web/packages/98/2b/f97f1c193fb855c345d678f5077d6926034db0722df74c8f057020e05a25/charset_normalizer-3.4.9-py3-none-any.whl", hash = "sha256:68e5f26a1ad57ded6d1cfb85331d1c1a195314756471d97758c48498bb4dcdf5" },
]

[[package]]
name = "colorama"
version = "0.4.6"
source = { registry = "https://mirrors.nju.edu.cn/pypi/web/simple" }
sdist = { url = "https://mirrors.nju.edu.cn/pypi/web/packages/d8/53/6f443c9a4a8358a93a6792e2acffb9d9d5cb0a5cfd8802644b7b1c9a02e4/colorama-0.4.6.tar.gz", hash = "sha256:08695f5cb7ed6e0531a20572697297273c47b8cae5a63ffc6d6ed5c201be6e44" }
wheels = [
    { url = "https://mirrors.nju.edu.cn/pypi/web/packages/d1/d6/3965ed04c63042e047cb6a3e6ed1a63a35087b6a609aa3a15ed8ac56c221/colorama-0.4.6-py2.py3-none-any.whl", hash = "sha256:4f1d9991f5acc0ca119f9d443620b77f9d6b33703e51011c16baf57afb285fc6" },
]

[[package]]
name = "deprecated"
version = "1.3.1"
source = { registry = "https://mirrors.nju.edu.cn/pypi/web/simple" }
dependencies = [
    { name = "wrapt" },
]
sdist = { url = "https://mirrors.nju.edu.cn/pypi/web/packages/49/85/12f0a49a7c4ffb70572b6c2ef13c90c88fd190debda93b23f026b25f9634/deprecated-1.3.1.tar.gz", hash = "sha256:b1b50e0ff0c1fddaa5708a2c6b0a6588bb09b892825ab2b214ac9ea9d92a5223" }
wheels = [
    { url = "https://mirrors.nju.edu.cn/pypi/web/packages/84/d0/205d54408c08b13550c733c4b85429e7ead111c7f0014309637425520a9a/deprecated-1.3.1-py2.py3-none-any.whl", hash = "sha256:597bfef186b6f60181535a29fbe44865ce137a5079f295b479886c82729d5f3f" },
]

[[package]]
name = "idna"
version = "3.18"
source = { registry = "https://mirrors.nju.edu.cn/pypi/web/simple" }
sdist = { url = "https://mirrors.nju.edu.cn/pypi/web/packages/cd/63/9496c57188a2ee585e0f1db071d75089a11e98aa86eb99d9d7618fc1edce/idna-3.18.tar.gz", hash = "sha256:ffb385a7e039654cef1ab9ef32c6fafe283c0c0467bba1d9029738ce4a14a848" }
wheels = [
    { url = "https://mirrors.nju.edu.cn/pypi/web/packages/1e/5e/d4e9f1a599fb8e573b7b87160658329fbf28d19eac2718f51fc3def3aa5a/idna-3.18-py3-none-any.whl", hash = "sha256:7f952cbe720b688055e3f87de14f5c3e5fdaa8bc3928985c4077ca689de849a2" },
]

[[package]]
name = "loguru"
version = "0.7.3"
source = { registry = "https://mirrors.nju.edu.cn/pypi/web/simple" }
dependencies = [
    { name = "colorama", marker = "sys_platform == 'win32'" },
    { name = "win32-setctime", marker = "sys_platform == 'win32'" },
]
sdist = { url = "https://mirrors.nju.edu.cn/pypi/web/packages/3a/05/a1dae3dffd1116099471c643b8924f5aa6524411dc6c63fdae648c4f1aca/loguru-0.7.3.tar.gz", hash = "sha256:19480589e77d47b8d85b2c827ad95d49bf31b0dcde16593892eb51dd18706eb6" }
wheels = [
    { url = "https://mirrors.nju.edu.cn/pypi/web/packages/0c/29/0348de65b8cc732daa3e33e67806420b2ae89bdce2b04af740289c5c6c8c/loguru-0.7.3-py3-none-any.whl", hash = "sha256:31a33c10c8e1e10422bfd431aeb5d351c7cf7fa671e3c4df004162264b28220c" },
]

[[package]]
name = "macholib"
version = "1.16.4"
source = { registry = "https://mirrors.nju.edu.cn/pypi/web/simple" }
dependencies = [
    { name = "altgraph" },
]
sdist = { url = "https://mirrors.nju.edu.cn/pypi/web/packages/10/2f/97589876ea967487978071c9042518d28b958d87b17dceb7cdc1d881f963/macholib-1.16.4.tar.gz", hash = "sha256:f408c93ab2e995cd2c46e34fe328b130404be143469e41bc366c807448979362" }
wheels = [
    { url = "https://mirrors.nju.edu.cn/pypi/web/packages/c7/d1/a9f36f8ecdf0fb7c9b1e78c8d7af12b8c8754e74851ac7b94a8305540fc7/macholib-1.16.4-py2.py3-none-any.whl", hash = "sha256:da1a3fa8266e30f0ce7e97c6a54eefaae8edd1e5f86f3eb8b95457cae90265ea" },
]

[[package]]
name = "mss"
version = "10.2.0"
source = { registry = "https://mirrors.nju.edu.cn/pypi/web/simple" }
sdist = { url = "https://mirrors.nju.edu.cn/pypi/web/packages/e5/5d/eee782a6d674f562c946ae6a026f4c595ea2b7b031f290bf9fbf60da09b5/mss-10.2.0.tar.gz", hash = "sha256:ab271860775545e62f29d7b11f82f279ac1048f5bbdd26cfad84830208dbd393" }
wheels = [
    { url = "https://mirrors.nju.edu.cn/pypi/web/packages/f2/c3/313e14f245c79b4c05bd0f3a84a4813aa26fa10f8993aebd91d04c5fad3f/mss-10.2.0-py3-none-any.whl", hash = "sha256:e79f428899280e7e64e38365b5bfed683851ebea807eeaeadaf06eb8e0d67197" },
]

[[package]]
name = "nodeenv"
version = "1.10.0"
source = { registry = "https://mirrors.nju.edu.cn/pypi/web/simple" }
sdist = { url = "https://mirrors.nju.edu.cn/pypi/web/packages/24/bf/d1bda4f6168e0b2e9e5958945e01910052158313224ada5ce1fb2e1113b8/nodeenv-1.10.0.tar.gz", hash = "sha256:996c191ad80897d076bdfba80a41994c2b47c68e224c542b48feba42ba00f8bb" }
wheels = [
    { url = "https://mirrors.nju.edu.cn/pypi/web/packages/88/b2/d0896bdcdc8d28a7fc5717c305f1a861c26e18c05047949fb371034d98bd/nodeenv-1.10.0-py2.py3-none-any.whl", hash = "sha256:5bb13e3eed2923615535339b3c620e76779af4cb4c6a90deccc9e36b274d3827" },
]

[[package]]
name = "nodriver"
version = "0.50.3"
source = { registry = "https://mirrors.nju.edu.cn/pypi/web/simple" }
dependencies = [
    { name = "deprecated" },
    { name = "mss" },
    { name = "websockets" },
]
sdist = { url = "https://mirrors.nju.edu.cn/pypi/web/packages/1a/ad/b8b7472ddbf8c28e4ae37ef46d863400ea2688569f3178a083dda8531f3f/nodriver-0.50.3.tar.gz", hash = "sha256:24ca688d8646ef8ffad5c8ce65804e5e7671a779ad26a24d76f6465d5666c631" }
wheels = [
    { url = "https://mirrors.nju.edu.cn/pypi/web/packages/4d/23/b2dd278ad941c720f217c5264d7cbfc60dd09d882b5f7fb6c365013a8ce0/nodriver-0.50.3-py3-none-any.whl", hash = "sha256:a053533108c14c309a7613445e6c7fb460b6b165c144a062e1b2f39e4f7b396b" },
]

[[package]]
name = "numpy"
version = "1.26.4"
source = { registry = "https://mirrors.nju.edu.cn/pypi/web/simple" }
sdist = { url = "https://mirrors.nju.edu.cn/pypi/web/packages/65/6e/09db70a523a96d25e115e71cc56a6f9031e7b8cd166c1ac8438307c14058/numpy-1.26.4.tar.gz", hash = "sha256:2a02aba9ed12e4ac4eb3ea9421c420301a0c6460d9830d74a9df87efa4912010" }
wheels = [
    { url = "https://mirrors.nju.edu.cn/pypi/web/packages/95/12/8f2020a8e8b8383ac0177dc9570aad031a3beb12e38847f7129bacd96228/numpy-1.26.4-cp312-cp312-macosx_10_9_x86_64.whl", hash = "sha256:b3ce300f3644fb06443ee2222c2201dd3a89ea6040541412b8fa189341847218" },
    { url = "https://mirrors.nju.edu.cn/pypi/web/packages/75/5b/ca6c8bd14007e5ca171c7c03102d17b4f4e0ceb53957e8c44343a9546dcc/numpy-1.26.4-cp312-cp312-macosx_11_0_arm64.whl", hash = "sha256:03a8c78d01d9781b28a6989f6fa1bb2c4f2d51201cf99d3dd875df6fbd96b23b" },
    { url = "https://mirrors.nju.edu.cn/pypi/web/packages/79/f8/97f10e6755e2a7d027ca783f63044d5b1bc1ae7acb12afe6a9b4286eac17/numpy-1.26.4-cp312-cp312-manylinux_2_17_aarch64.manylinux2014_aarch64.whl", hash = "sha256:9fad7dcb1aac3c7f0584a5a8133e3a43eeb2fe127f47e3632d43d677c66c102b" },
    { url = "https://mirrors.nju.edu.cn/pypi/web/packages/0f/50/de23fde84e45f5c4fda2488c759b69990fd4512387a8632860f3ac9cd225/numpy-1.26.4-cp312-cp312-manylinux_2_17_x86_64.manylinux2014_x86_64.whl", hash = "sha256:675d61ffbfa78604709862923189bad94014bef562cc35cf61d3a07bba02a7ed" },
    { url = "https://mirrors.nju.edu.cn/pypi/web/packages/4c/0c/9c603826b6465e82591e05ca230dfc13376da512b25ccd0894709b054ed0/numpy-1.26.4-cp312-cp312-musllinux_1_1_aarch64.whl", hash = "sha256:ab47dbe5cc8210f55aa58e4805fe224dac469cde56b9f731a4c098b91917159a" },
    { url = "https://mirrors.nju.edu.cn/pypi/web/packages/76/8c/2ba3902e1a0fc1c74962ea9bb33a534bb05984ad7ff9515bf8d07527cadd/numpy-1.26.4-cp312-cp312-musllinux_1_1_x86_64.whl", hash = "sha256:1dda2e7b4ec9dd512f84935c5f126c8bd8b9f2fc001e9f54af255e8c5f16b0e0" },
    { url = "https://mirrors.nju.edu.cn/pypi/web/packages/28/4a/46d9e65106879492374999e76eb85f87b15328e06bd1550668f79f7b18c6/numpy-1.26.4-cp312-cp312-win32.whl", hash = "sha256:50193e430acfc1346175fcbdaa28ffec49947a06918b7b92130744e81e640110" },
    { url = "https://mirrors.nju.edu.cn/pypi/web/packages/16/2e/86f24451c2d530c88daf997cb8d6ac622c1d40d19f5a031ed68a4b73a374/numpy-1.26.4-cp312-cp312-win_amd64.whl", hash = "sha256:08beddf13648eb95f8d867350f6a018a4be2e5ad54c8d8caed89ebca558b2818" },
]

[[package]]
name = "opencv-python-headless"
version = "4.10.0.84"
source = { registry = "https://mirrors.nju.edu.cn/pypi/web/simple" }
dependencies = [
    { name = "numpy" },
]
sdist = { url = "https://mirrors.nju.edu.cn/pypi/web/packages/2f/7e/d20f68a5f1487adf19d74378d349932a386b1ece3be9be9915e5986db468/opencv-python-headless-4.10.0.84.tar.gz", hash = "sha256:f2017c6101d7c2ef8d7bc3b414c37ff7f54d64413a1847d89970b6b7069b4e1a" }
wheels = [
    { url = "https://mirrors.nju.edu.cn/pypi/web/packages/1c/9b/583c8d9259f6fc19413f83fd18dd8e6cbc8eefb0b4dc6da52dd151fe3272/opencv_python_headless-4.10.0.84-cp37-abi3-macosx_11_0_arm64.whl", hash = "sha256:a4f4bcb07d8f8a7704d9c8564c224c8b064c63f430e95b61ac0bffaa374d330e" },
    { url = "https://mirrors.nju.edu.cn/pypi/web/packages/c0/7b/b4c67f5dad7a9a61c47f7a39e4050e8a4628bd64b3c3daaeb755d759f928/opencv_python_headless-4.10.0.84-cp37-abi3-macosx_12_0_x86_64.whl", hash = "sha256:5ae454ebac0eb0a0b932e3406370aaf4212e6a3fdb5038cc86c7aea15a6851da" },
    { url = "https://mirrors.nju.edu.cn/pypi/web/packages/91/61/f838ce2046f3ec3591ea59ea3549085e399525d3b4558c4ed60b55ed88c0/opencv_python_headless-4.10.0.84-cp37-abi3-manylinux_2_17_aarch64.manylinux2014_aarch64.whl", hash = "sha256:46071015ff9ab40fccd8a163da0ee14ce9846349f06c6c8c0f2870856ffa45db" },
    { url = "https://mirrors.nju.edu.cn/pypi/web/packages/d1/09/248f86a404567303cdf120e4a301f389b68e3b18e5c0cc428de327da609c/opencv_python_headless-4.10.0.84-cp37-abi3-manylinux_2_17_x86_64.manylinux2014_x86_64.whl", hash = "sha256:377d08a7e48a1405b5e84afcbe4798464ce7ee17081c1c23619c8b398ff18295" },
    { url = "https://mirrors.nju.edu.cn/pypi/web/packages/30/c0/66f88d58500e990a9a0a5c06f98862edf1d0a3a430781218a8c193948438/opencv_python_headless-4.10.0.84-cp37-abi3-win32.whl", hash = "sha256:9092404b65458ed87ce932f613ffbb1106ed2c843577501e5768912360fc50ec" },
    { url = "https://mirrors.nju.edu.cn/pypi/web/packages/26/d0/22f68eb23eea053a31655960f133c0be9726c6a881547e6e9e7e2a946c4f/opencv_python_headless-4.10.0.84-cp37-abi3-win_amd64.whl", hash = "sha256:afcf28bd1209dd58810d33defb622b325d3cbe49dcd7a43a902982c33e5fad05" },
]

[[package]]
name = "packaging"
version = "26.3"
source = { registry = "https://mirrors.nju.edu.cn/pypi/web/simple" }
sdist = { url = "https://mirrors.nju.edu.cn/pypi/web/packages/7d/fa/3944b40b07da9ce895c0e6303a5ab7d53da063554f534556b134a54d6093/packaging-26.3.tar.gz", hash = "sha256:94edc256424af38762eb31306eed28beb9f0efc50a8837492c9d6fd6004aed79" }
wheels = [
    { url = "https://mirrors.nju.edu.cn/pypi/web/packages/63/34/ba1c580383c9eada3711951fef0795c80b829a078d72188184bcab9dd527/packaging-26.3-py3-none-any.whl", hash = "sha256:d7193f7c8e4e93f444fde0262bf90af30e16fa0ad0ad44cb553c87339b23cd1c" },
]

[[package]]
name = "pefile"
version = "2024.8.26"
source = { registry = "https://mirrors.nju.edu.cn/pypi/web/simple" }
sdist = { url = "https://mirrors.nju.edu.cn/pypi/web/packages/03/4f/2750f7f6f025a1507cd3b7218691671eecfd0bbebebe8b39aa0fe1d360b8/pefile-2024.8.26.tar.gz", hash = "sha256:3ff6c5d8b43e8c37bb6e6dd5085658d658a7a0bdcd20b6a07b1fcfc1c4e9d632" }
wheels = [
    { url = "https://mirrors.nju.edu.cn/pypi/web/packages/54/16/12b82f791c7f50ddec566873d5bdd245baa1491bac11d15ffb98aecc8f8b/pefile-2024.8.26-py3-none-any.whl", hash = "sha256:76f8b485dcd3b1bb8166f1128d395fa3d87af26360c2358fb75b80019b957c6f" },
]

[[package]]
name = "pyaes"
version = "1.6.1"
source = { registry = "https://mirrors.nju.edu.cn/pypi/web/simple" }
sdist = { url = "https://mirrors.nju.edu.cn/pypi/web/packages/44/66/2c17bae31c906613795711fc78045c285048168919ace2220daa372c7d72/pyaes-1.6.1.tar.gz", hash = "sha256:02c1b1405c38d3c370b085fb952dd8bea3fadcee6411ad99f312cc129c536d8f" }

[[package]]
name = "pyinstaller"
version = "6.21.0"
source = { registry = "https://mirrors.nju.edu.cn/pypi/web/simple" }
dependencies = [
    { name = "altgraph" },
    { name = "macholib", marker = "sys_platform == 'darwin'" },
    { name = "packaging" },
    { name = "pefile", marker = "sys_platform == 'win32'" },
    { name = "pyinstaller-hooks-contrib" },
    { name = "pywin32-ctypes", marker = "sys_platform == 'win32'" },
    { name = "setuptools" },
]
sdist = { url = "https://mirrors.nju.edu.cn/pypi/web/packages/d5/4d/ec706c3fcf39e26888c35b39615ff4d5865d184069666c47492cff1fbe50/pyinstaller-6.21.0.tar.gz", hash = "sha256:bb9fab705983e393a2d1cac77d6972513057ad800215fd861dc15ff5272e98fd" }
wheels = [
    { url = "https://mirrors.nju.edu.cn/pypi/web/packages/0c/4a/53cf98bf66daed012dc9cd78c8203f19a675d696f2fc12afcf8c5049a0e0/pyinstaller-6.21.0-py3-none-macosx_10_13_universal2.whl", hash = "sha256:327d132389f37912609e01be62810cf96b5aa95b613903e4b8692e0d12fb0eda" },
    { url = "https://mirrors.nju.edu.cn/pypi/web/packages/30/83/b591295c352ef464c50b4c6ffff1c4f771d875c9e833f578d1b9f564f6b3/pyinstaller-6.21.0-py3-none-manylinux2014_aarch64.whl", hash = "sha256:7071d4b094d5b40deeef5fa3d3b98a1b846087f7562b49209663d5f9281fe251" },
    { url = "https://mirrors.nju.edu.cn/pypi/web/packages/3d/8f/88fff4e403873b1e22286911350e75ff00db014aa08e57045da9d4328993/pyinstaller-6.21.0-py3-none-manylinux2014_i686.whl", hash = "sha256:6b6374d652107dd4a2eeece903ff82bb4045bb5e1006c5a158a6dcdbefe84bf2" },
    { url = "https://mirrors.nju.edu.cn/pypi/web/packages/8a/13/f0e48fbdfd1d05d948157121cea8b1b823dcb89efe6934b71fdd8bdb3f0f/pyinstaller-6.21.0-py3-none-manylinux2014_ppc64le.whl", hash = "sha256:4e3108b3f02384560da70e39b8bf22b0ad597d02bd68a40d76ea91c1cfa00cad" },
    { url = "https://mirrors.nju.edu.cn/pypi/web/packages/dd/d5/ea7878cf9924ed30d946d8288777424e6d069d94f5bde56b4d0890069664/pyinstaller-6.21.0-py3-none-manylinux2014_s390x.whl", hash = "sha256:697532279f535ad572bda613db4f821540e235c7854ca6da4d3bf0373f4415ee" },
    { url = "https://mirrors.nju.edu.cn/pypi/web/packages/9f/09/51b8905714b733bac66dbc041a7821372d70d888d273ae474c4037d4202d/pyinstaller-6.21.0-py3-none-manylinux2014_x86_64.whl", hash = "sha256:605169523a6b5ace39f13dfbff21add9f2bc43df99c7daf9394fefb2c45e8b6f" },
    { url = "https://mirrors.nju.edu.cn/pypi/web/packages/4b/43/d77779439d8c6c2e27a77bcfbd1d5cc0f568ebb611bb472b11af81b5f177/pyinstaller-6.21.0-py3-none-musllinux_1_1_aarch64.whl", hash = "sha256:5fa56746c1e76f93634d018502301378a2d0c382553d37d8c3c34ff436c12dd1" },
    { url = "https://mirrors.nju.edu.cn/pypi/web/packages/51/8f/c22df1f6837784ac349057ba693f08e7b1ca7a0e06f9c33c63bc6280007b/pyinstaller-6.21.0-py3-none-musllinux_1_1_x86_64.whl", hash = "sha256:42395ec76df8e8120c36b13339d9db8cab83e316a12839ee303cc00fc941bb74" },
    { url = "https://mirrors.nju.edu.cn/pypi/web/packages/c9/76/1ce8a27ce62ba8cf3a87c9ce6d575610f4e55d7cb0123e7512fc3f4b921a/pyinstaller-6.21.0-py3-none-win32.whl", hash = "sha256:c6b28d30d8fd99ce162ff3aab5013ed44dbfb747566b1f01b9bed7964d7c14e9" },
    { url = "https://mirrors.nju.edu.cn/pypi/web/packages/c1/fa/ca1d7e5257dd8566a9dfc0dfb02f8a8075eeb53d4b2d3c579f1276759042/pyinstaller-6.21.0-py3-none-win_amd64.whl", hash = "sha256:7fae06c494ce0ebfe6bd3055c0e409def884f63af2e3705d06bd431ad9237fc7" },
    { url = "https://mirrors.nju.edu.cn/pypi/web/packages/dc/75/21b51523ce8d96629b71311775a0a65f5f5a872124ab0de33e5c848f8bff/pyinstaller-6.21.0-py3-none-win_arm64.whl", hash = "sha256:f13c95c9c03fb567217135919f93815c305813126780b0ed6e0123cb8acaf025" },
]

[[package]]
name = "pyinstaller-hooks-contrib"
version = "2026.6"
source = { registry = "https://mirrors.nju.edu.cn/pypi/web/simple" }
dependencies = [
    { name = "packaging" },
]
sdist = { url = "https://mirrors.nju.edu.cn/pypi/web/packages/94/5b/c9fe0db5e83ee1c39b2258fa21d23b15e1a60786b6c5990ee5074ead8bb6/pyinstaller_hooks_contrib-2026.6.tar.gz", hash = "sha256:bef5002c32f4f50bd55b005da12cff64eca8783e7eaf86a06a62410164bab725" }
wheels = [
    { url = "https://mirrors.nju.edu.cn/pypi/web/packages/e7/31/f2d7343d8ed5f7c4678377886f6ce533e6eaaa131b252ce950114c2a7efa/pyinstaller_hooks_contrib-2026.6-py3-none-any.whl", hash = "sha256:fd13b8ac126b35361175edacd41a0d97080b75dd5f4b594ecefefff969509dd3" },
]

[[package]]
name = "pyright"
version = "1.1.411"
source = { registry = "https://mirrors.nju.edu.cn/pypi/web/simple" }
dependencies = [
    { name = "nodeenv" },
    { name = "typing-extensions" },
]
sdist = { url = "https://mirrors.nju.edu.cn/pypi/web/packages/7e/ab/265f7dc69d28113ebba19092e57b075f41543b2ed048429c5f56e2b88eac/pyright-1.1.411.tar.gz", hash = "sha256:d885a0551f2e763b089a02702174e7f4ba77548cddabc972ab86d1f7f1b0f998" }
wheels = [
    { url = "https://mirrors.nju.edu.cn/pypi/web/packages/0a/49/385be530a6a5b78d1cbcd5c2e38debc8959a2fc6bdb716f4e581002979fc/pyright-1.1.411-py3-none-any.whl", hash = "sha256:dc7c72a8e2700c55baa127554040e067041ea53ccfd50bf96308cc4291c7d5d9" },
]

[[package]]
name = "pywin32-ctypes"
version = "0.2.3"
source = { registry = "https://mirrors.nju.edu.cn/pypi/web/simple" }
sdist = { url = "https://mirrors.nju.edu.cn/pypi/web/packages/85/9f/01a1a99704853cb63f253eea009390c88e7131c67e66a0a02099a8c917cb/pywin32-ctypes-0.2.3.tar.gz", hash = "sha256:d162dc04946d704503b2edc4d55f3dba5c1d539ead017afa00142c38b9885755" }
wheels = [
    { url = "https://mirrors.nju.edu.cn/pypi/web/packages/de/3d/8161f7711c017e01ac9f008dfddd9410dff3674334c233bde66e7ba65bbf/pywin32_ctypes-0.2.3-py3-none-any.whl", hash = "sha256:8a1513379d709975552d202d942d9837758905c8d01eb82b8bcc30918929e7b8" },
]

[[package]]
name = "requests"
version = "2.34.2"
source = { registry = "https://mirrors.nju.edu.cn/pypi/web/simple" }
dependencies = [
    { name = "certifi" },
    { name = "charset-normalizer" },
    { name = "idna" },
    { name = "urllib3" },
]
sdist = { url = "https://mirrors.nju.edu.cn/pypi/web/packages/ac/c3/e2a2b89f2d3e2179abd6d00ebd70bff6273f37fb3e0cc209f48b39d00cbf/requests-2.34.2.tar.gz", hash = "sha256:f288924cae4e29463698d6d60bc6a4da69c89185ad1e0bcc4104f584e960b9ed" }
wheels = [
    { url = "https://mirrors.nju.edu.cn/pypi/web/packages/a0/f4/c67b0b3f1b9245e8d266f0f112c500d50e5b4e83cb6f3b71b6528104182a/requests-2.34.2-py3-none-any.whl", hash = "sha256:2a0d60c172f83ac6ab31e4554906c0f3b3588d37b5cb939b1c061f4907e278e0" },
]

[[package]]
name = "ruff"
version = "0.16.2"
source = { registry = "https://mirrors.nju.edu.cn/pypi/web/simple" }
sdist = { url = "https://mirrors.nju.edu.cn/pypi/web/packages/73/e1/4508a569211b35599016e84ba65c1a992b7a4004b4b6c4bea02a851cba1b/ruff-0.16.2.tar.gz", hash = "sha256:c3d7828d12e8927a6fc65fe38e2c2541b9e762d360a1786d752cb1b8883b3c9c" }
wheels = [
    { url = "https://mirrors.nju.edu.cn/pypi/web/packages/14/57/db19951540f98859c956b50bdb4d31089b4d91e9f15e2968e7d5193806d5/ruff-0.16.2-py3-none-linux_armv6l.whl", hash = "sha256:3c8de4cf2181f01d57946d87d777aa52916976fc09942aed89938fab5e013318" },
    { url = "https://mirrors.nju.edu.cn/pypi/web/packages/13/5a/995fe85a8470d3e391ac0f7fa8054bb454eaf33ee138196d6172ed1079c0/ruff-0.16.2-py3-none-macosx_10_12_x86_64.whl", hash = "sha256:9a48cc05c6fbc811ca81b5d7ba95375affea6582d1b8024e455e41afbbf55344" },
    { url = "https://mirrors.nju.edu.cn/pypi/web/packages/32/53/370d767c61c71a971a4ace36703a7ecd8c393956349a7325d7fab2b56827/ruff-0.16.2-py3-none-macosx_11_0_arm64.whl", hash = "sha256:a2c0d14fcbb26c91f0f867a6dc9bd71bbc30b1b6151829c884f23faeab2e5700" },
    { url = "https://mirrors.nju.edu.cn/pypi/web/packages/85/d6/9d96948caf5a632be62d62202d5ec914d6856f204fd79eb036e5915e79ea/ruff-0.16.2-py3-none-manylinux_2_17_aarch64.manylinux2014_aarch64.whl", hash = "sha256:335c621622c4650330be50842561c6586ac6971bb8ab5407fe34dcc9efb16bbe" },
    { url = "https://mirrors.nju.edu.cn/pypi/web/packages/3b/92/ea87129b3414acb0b5770563779c51804d37ac67675c7ba35447ddb14773/ruff-0.16.2-py3-none-manylinux_2_17_armv7l.manylinux2014_armv7l.whl", hash = "sha256:20e66910f2c37cc753f9ef6580c914a621b80c4fa3549d3e3521e29d0f5bfc3f" },
    { url = "https://mirrors.nju.edu.cn/pypi/web/packages/ac/43/f8f291dcd4af5bb7872b74fdfa41a7cd7c856ca1d4069670971cf1b9f5cb/ruff-0.16.2-py3-none-manylinux_2_17_i686.manylinux2014_i686.whl", hash = "sha256:c7e36fbfba65510548156902bcf1350a979a958ce0347ce0f90d73894036b39f" },
    { url = "https://mirrors.nju.edu.cn/pypi/web/packages/71/4a/ef991fb2fcf516ab71f0808adcdd8da5e18c8cde447f4ceaf5f47a5132a5/ruff-0.16.2-py3-none-manylinux_2_17_ppc64le.manylinux2014_ppc64le.whl", hash = "sha256:f0eab35f80df8f134aae5d1630e751901321d317cc8e50dc39e36fa3ed34cd12" },
    { url = "https://mirrors.nju.edu.cn/pypi/web/packages/f3/24/f615e74f307e6ca0e56a482872477b856c70d530aa356abfb6dfe5ca8a80/ruff-0.16.2-py3-none-manylinux_2_17_s390x.manylinux2014_s390x.whl", hash = "sha256:40ea8c0594feb894e89c8c61ab9c103d38b0ea72dfde6c594107147ca31b1140" },
    { url = "https://mirrors.nju.edu.cn/pypi/web/packages/c5/d3/8ef50149e8412a77f7ab409efdef0e2b23803707a3863da4fc64cb23d459/ruff-0.16.2-py3-none-manylinux_2_17_x86_64.manylinux2014_x86_64.whl", hash = "sha256:ab3d62dde0b19facdd632008cc4827fc28ada7736c6bd35ab6f1050f0bfed53f" },
    { url = "https://mirrors.nju.edu.cn/pypi/web/packages/dd/a7/a19334985c4dea8c381981fa252cd854c7ee52dc4b1686dc16f4a911c702/ruff-0.16.2-py3-none-manylinux_2_31_riscv64.whl", hash = "sha256:e43e1f5b8388da9eca1b9e88328d47a5cec794633ccf6f7484ac2dd15eee92c0" },
    { url = "https://mirrors.nju.edu.cn/pypi/web/packages/6e/6c/96d192b0e742412ceda08c0a50f9669b253dde9fd6a60ea1a10c9fa79a63/ruff-0.16.2-py3-none-musllinux_1_2_aarch64.whl", hash = "sha256:c24788a980581e1d7ea3a0cbe4344c4fbeb0a6a9b1f4713aa46bb104f8294690" },
    { url = "https://mirrors.nju.edu.cn/pypi/web/packages/fa/51/e26599ceca11e79ee255c7df515995561edf87e9ca1893284e44d98f5a86/ruff-0.16.2-py3-none-musllinux_1_2_armv7l.whl", hash = "sha256:81806b08329130005dd4a8a8394a0c9da8c6f4cafb16ba438d2a2ee6a18bedf1" },
    { url = "https://mirrors.nju.edu.cn/pypi/web/packages/68/01/800c4b1f97bc8d7c6029e06b1f20473a3cf1e13c4933d8f3342add83fc55/ruff-0.16.2-py3-none-musllinux_1_2_i686.whl", hash = "sha256:4ce4e02bad779bef557f541a1b31f20d6abeae1cc05ed1b1ac019d4ffd1044c8" },
    { url = "https://mirrors.nju.edu.cn/pypi/web/packages/e4/d0/1477ea50fc5a0d4b0b71d1d63d50770bdd794d90b43e37a7618e63ec9894/ruff-0.16.2-py3-none-musllinux_1_2_x86_64.whl", hash = "sha256:e0422abdf70070255fc4073ce9dfc814cc03db577013761ddd09bc1e4a9a4fbd" },
    { url = "https://mirrors.nju.edu.cn/pypi/web/packages/b8/76/a7776f32048d991e16d4fa8ff91790b877342d3596cc3ed04acdbf1aaedc/ruff-0.16.2-py3-none-win32.whl", hash = "sha256:bf3a63d78fb39f4bf5ac8ae52051c5520505301abe19ba4e204c453b3f09bb0b" },
    { url = "https://mirrors.nju.edu.cn/pypi/web/packages/00/0d/929c800d920e61397d82a01b60bffc68da3052c17d31de59efaad2e4ed75/ruff-0.16.2-py3-none-win_amd64.whl", hash = "sha256:bcabe2f6d0fc7819f1431793005af4e4de7371927d037345bf941252b195b9fa" },
    { url = "https://mirrors.nju.edu.cn/pypi/web/packages/5b/6c/93e26c22c5f78ff87363e07da49c84955affbeb1098bd1936bf3b3f293bf/ruff-0.16.2-py3-none-win_arm64.whl", hash = "sha256:d614e95cedf38a2053fd351c55b103ba30d017d61688fdbfd40ee0412852a99f" },
]

[[package]]
name = "setuptools"
version = "83.0.0"
source = { registry = "https://mirrors.nju.edu.cn/pypi/web/simple" }
sdist = { url = "https://mirrors.nju.edu.cn/pypi/web/packages/34/26/f5d29e25ffdb535afef2d35cdb55b325298f96debd670da4c325e08d70f4/setuptools-83.0.0.tar.gz", hash = "sha256:025bccbbf0fa05b6192bc64ae1e7b16e001fd6d6d4d5de03c97b1c1ade523bef" }
wheels = [
    { url = "https://mirrors.nju.edu.cn/pypi/web/packages/5d/40/e1e72872c6354b306daef1703549e8e83b4d43cfea356311bf722a043752/setuptools-83.0.0-py3-none-any.whl", hash = "sha256:29b23c360f22f414dc7336bb39178cc7bcbf6021ed2733cde173f09dba19abb3" },
]

[[package]]
name = "typing-extensions"
version = "4.16.0"
source = { registry = "https://mirrors.nju.edu.cn/pypi/web/simple" }
sdist = { url = "https://mirrors.nju.edu.cn/pypi/web/packages/f6/cc/6253133b5bb138fc3306cebfbda2c520f545d36b5be2c7255cc528bb45d6/typing_extensions-4.16.0.tar.gz", hash = "sha256:dc983d19a509c94dba722ee6abd33940f7c05a89e243c47e907eb4db6f1a43e5" }
wheels = [
    { url = "https://mirrors.nju.edu.cn/pypi/web/packages/49/d3/b8441a820a491ddfc024b0b0cf0393375b75ea13866d9c66727e54c2fc80/typing_extensions-4.16.0-py3-none-any.whl", hash = "sha256:481caa481374e813c1b176ada14e97f1f67a4539ce9cfeb3f350d78d6370c2e8" },
]

[[package]]
name = "urllib3"
version = "2.7.0"
source = { registry = "https://mirrors.nju.edu.cn/pypi/web/simple" }
sdist = { url = "https://mirrors.nju.edu.cn/pypi/web/packages/53/0c/06f8b233b8fd13b9e5ee11424ef85419ba0d8ba0b3138bf360be2ff56953/urllib3-2.7.0.tar.gz", hash = "sha256:231e0ec3b63ceb14667c67be60f2f2c40a518cb38b03af60abc813da26505f4c" }
wheels = [
    { url = "https://mirrors.nju.edu.cn/pypi/web/packages/7f/3e/5db95bcf282c52709639744ca2a8b149baccf648e39c8cc87553df9eae0c/urllib3-2.7.0-py3-none-any.whl", hash = "sha256:9fb4c81ebbb1ce9531cce37674bbc6f1360472bc18ca9a553ede278ef7276897" },
]

[[package]]
name = "weban"
version = "3.9.9"
source = { virtual = "." }
dependencies = [
    { name = "loguru" },
    { name = "nodriver" },
    { name = "numpy" },
    { name = "opencv-python-headless" },
    { name = "pyaes" },
    { name = "requests" },
]

[package.dev-dependencies]
dev = [
    { name = "pyinstaller" },
    { name = "pyright" },
    { name = "ruff" },
]

[package.metadata]
requires-dist = [
    { name = "loguru", specifier = ">=0.7.3" },
    { name = "nodriver", specifier = ">=0.50.3" },
    { name = "numpy", specifier = ">=1.26.4,<2" },
    { name = "opencv-python-headless", specifier = "==4.10.0.84" },
    { name = "pyaes", specifier = ">=1.6.1" },
    { name = "requests", specifier = ">=2.34.2" },
]

[package.metadata.requires-dev]
dev = [
    { name = "pyinstaller", specifier = ">=6.20.0" },
    { name = "pyright", specifier = ">=1.1.409" },
    { name = "ruff", specifier = ">=0.15.15" },
]

[[package]]
name = "websockets"
version = "17.0.1"
source = { registry = "https://mirrors.nju.edu.cn/pypi/web/simple" }
sdist = { url = "https://mirrors.nju.edu.cn/pypi/web/packages/f7/96/e01084f83a64bcb3a27994bd0cb0db68ff29d9c6707fae37ec19b18ba990/websockets-17.0.1.tar.gz", hash = "sha256:5baa9bc0dfbae8c507e51c8cf1b6d4628086f7a87bbd3a9952bd5f035451f1cc" }
wheels = [
    { url = "https://mirrors.nju.edu.cn/pypi/web/packages/50/ff/6199a52d864215750af8668d84b0274775011a90052081f5a9495807a92b/websockets-17.0.1-cp312-cp312-macosx_10_13_universal2.whl", hash = "sha256:10f461191125c63902ea7394ae9e752b1b5785641850c1d365bb30b0f88bc53f" },
    { url = "https://mirrors.nju.edu.cn/pypi/web/packages/54/7e/439a962bcada88dcf586da77a1b2385f91e2d2910e9359540934c827156b/websockets-17.0.1-cp312-cp312-macosx_10_13_x86_64.whl", hash = "sha256:cffc84ddec6da7f447677266fee2a3c40ecc78172f00752aa1150b8a8d65df1d" },
    { url = "https://mirrors.nju.edu.cn/pypi/web/packages/d9/82/123660edc759c225626b3b91952c7625f85c77a8362acbc35a4623120f7d/websockets-17.0.1-cp312-cp312-macosx_11_0_arm64.whl", hash = "sha256:c23e532c8a2325a1e7486de8763a60dc43e83f01bcaeca07e3ba79652c156db1" },
    { url = "https://mirrors.nju.edu.cn/pypi/web/packages/cd/2f/2940e57080cf56f28190287516400126d5a76b52b9a61dc10ba6f6400dbe/websockets-17.0.1-cp312-cp312-manylinux1_i686.manylinux_2_28_i686.manylinux_2_5_i686.whl", hash = "sha256:c09e097d0e46e3c289bedab9a475ae344b70c30ff5646e46af22b4e6fdc97b21" },
    { url = "https://mirrors.nju.edu.cn/pypi/web/packages/42/28/9ec976c16d63cc51c28dfec74b66854048c0b8b6579946e902f91b69e8bf/websockets-17.0.1-cp312-cp312-manylinux1_x86_64.manylinux_2_28_x86_64.manylinux_2_5_x86_64.whl", hash = "sha256:f47b0815af3948ec6a440b3afa02f05b18cc0939549e91b5c677b5d9c2c8472a" },
    { url = "https://mirrors.nju.edu.cn/pypi/web/packages/f4/a4/850c699a16bbc451723856360c59bd997bec075e637154f3fa96e80d5760/websockets-17.0.1-cp312-cp312-manylinux2014_aarch64.manylinux_2_17_aarch64.manylinux_2_28_aarch64.whl", hash = "sha256:8848c207049ad49d318e5f64a3d4d7bb189f8328d0d98e65647788f2a085785c" },
    { url = "https://mirrors.nju.edu.cn/pypi/web/packages/47/e1/f60a891c1a4b3420d5052333a84eb7241e1fb4a71866dec1562f5fa30027/websockets-17.0.1-cp312-cp312-manylinux2014_armv7l.manylinux_2_17_armv7l.manylinux_2_31_armv7l.whl", hash = "sha256:2604de7228506b13a44a256a9d223943340c0e725af5d367dc068e192b027761" },
    { url = "https://mirrors.nju.edu.cn/pypi/web/packages/26/fb/e2a893be6fae4fddfe50ddc3035a331d3f381103d5467b7900026bdb3a64/websockets-17.0.1-cp312-cp312-manylinux2014_ppc64le.manylinux_2_17_ppc64le.manylinux_2_28_ppc64le.whl", hash = "sha256:07abc3bd196a48af476a82fd47f3f79a6a3f70937a9f930cef703cfa0c9d83b6" },
    { url = "https://mirrors.nju.edu.cn/pypi/web/packages/d9/72/e3144b2d79276fab9798ed7d4aea2f0847434f186800b6f56a1eddcb3114/websockets-17.0.1-cp312-cp312-manylinux2014_s390x.manylinux_2_17_s390x.manylinux_2_28_s390x.whl", hash = "sha256:769ce7e2acfd9a89f2bed3a9c0da229459516bbc00bd4c9e2ca492c613ae4861" },
    { url = "https://mirrors.nju.edu.cn/pypi/web/packages/c0/5e/69c02174fbcf1c40c6adc45d3c316a401558392fe7bab8969ef8c46f1689/websockets-17.0.1-cp312-cp312-manylinux_2_31_riscv64.manylinux_2_39_riscv64.whl", hash = "sha256:07d78a509c3333f5908c83d7f78144ea68a6c9ec28110f5c54d81d8fcdc262c4" },
    { url = "https://mirrors.nju.edu.cn/pypi/web/packages/b3/09/7574778b095b99cfa0856583462f56568df784f9b41485145169b2ec9c64/websockets-17.0.1-cp312-cp312-musllinux_1_2_aarch64.whl", hash = "sha256:ffad64ce7ad3703d652a3fd9af26238377d24ce52c6ad8ff35d26d82f61f493f" },
    { url = "https://mirrors.nju.edu.cn/pypi/web/packages/c5/e6/f46571f38765dbc4cbc0d0b47de8db65768006dbbd4340e6f5f51bc1d895/websockets-17.0.1-cp312-cp312-musllinux_1_2_armv7l.whl", hash = "sha256:e95e321d0d763f2b6633512605f6112ebd70d5746f3ce05c941909d4a25233f2" },
    { url = "https://mirrors.nju.edu.cn/pypi/web/packages/9d/31/6ff1fee057bd7e9dd5237fc064a749615378d003aa045b5bfc2d12b2f4f7/websockets-17.0.1-cp312-cp312-musllinux_1_2_i686.whl", hash = "sha256:cd526c8228e759c1006c4b7c9ac71dc4e925ced1a6a6a5a8e94643709738f63e" },
    { url = "https://mirrors.nju.edu.cn/pypi/web/packages/7a/4f/d41847227a44b9ad87c3d5a9fddbfad8b7c4d6032878d8460d9d37c2d44f/websockets-17.0.1-cp312-cp312-musllinux_1_2_ppc64le.whl", hash = "sha256:8cd3369e42c0246afaf9d669cfc19797e3a49e8c0a639544459c57597108b966" },
    { url = "https://mirrors.nju.edu.cn/pypi/web/packages/63/30/21a7e326c6ad2eb526cd5b816383d59cdeb28b8805b65a543c3cfbd8e8ce/websockets-17.0.1-cp312-cp312-musllinux_1_2_riscv64.whl", hash = "sha256:b580794e926cab7ff42ee4371ef14e0b22cb2bb722a607f77769136468f49a3f" },
    { url = "https://mirrors.nju.edu.cn/pypi/web/packages/2d/48/55b0331cd5bec9ce29748f79edc00075805450a47011d0c8e3b1c61dbf04/websockets-17.0.1-cp312-cp312-musllinux_1_2_s390x.whl", hash = "sha256:5033ffe6804dd53afafa7d08e8c3eef2d2431f34d58ca30507a8442dd04a033a" },
    { url = "https://mirrors.nju.edu.cn/pypi/web/packages/78/6e/2e8bc06e546f49b32a58a2bc2957902d1809ecc37552d3d7ccd6639a126e/websockets-17.0.1-cp312-cp312-musllinux_1_2_x86_64.whl", hash = "sha256:6db9e5bf3649ab506c6ae8a3ac85a00fb1ae3816d75962771b2df8adbc5d40d2" },
    { url = "https://mirrors.nju.edu.cn/pypi/web/packages/b0/ad/4bac01fa41aca54307157b9c9f68b066a6bb51fb18716ba618078a67b283/websockets-17.0.1-cp312-cp312-win32.whl", hash = "sha256:bc0bca48ba24c6c866847fd20478a51dd547fa0ad258dab9615c414ec534bbc0" },
    { url = "https://mirrors.nju.edu.cn/pypi/web/packages/82/d8/c3a78cccc74a554780e9e76e323d5cde891048627025f0f82623e22dc3df/websockets-17.0.1-cp312-cp312-win_amd64.whl", hash = "sha256:2b3f3020171202b135ca078e20434977c6b2b02af647130d6980c9e39b9462e3" },
    { url = "https://mirrors.nju.edu.cn/pypi/web/packages/7b/25/e1b8824bd632c8a5a62d504b61e9e35e470b67e4be0206f5c28f90c7f86d/websockets-17.0.1-cp312-cp312-win_arm64.whl", hash = "sha256:41d6aa06b5ab832aee72fedf47a149535b121ac900b6bb4d3fe14712afac9a79" },
    { url = "https://mirrors.nju.edu.cn/pypi/web/packages/09/ce/3929538b2b9918f5eee623fbf3346893973191f6df93f19bbda097bd7bb7/websockets-17.0.1-py3-none-any.whl", hash = "sha256:c6be9cba65c65cc76dfa3d4619e359ff02a4476c74e179b215236c11a0b32345" },
]

[[package]]
name = "win32-setctime"
version = "1.2.0"
source = { registry = "https://mirrors.nju.edu.cn/pypi/web/simple" }
sdist = { url = "https://mirrors.nju.edu.cn/pypi/web/packages/b3/8f/705086c9d734d3b663af0e9bb3d4de6578d08f46b1b101c2442fd9aecaa2/win32_setctime-1.2.0.tar.gz", hash = "sha256:ae1fdf948f5640aae05c511ade119313fb6a30d7eabe25fef9764dca5873c4c0" }
wheels = [
    { url = "https://mirrors.nju.edu.cn/pypi/web/packages/e1/07/c6fe3ad3e685340704d314d765b7912993bcb8dc198f0e7a89382d37974b/win32_setctime-1.2.0-py3-none-any.whl", hash = "sha256:95d644c4e708aba81dc3704a116d8cbc974d70b3bdb8be1d150e36be6e9d1390" },
]

[[package]]
name = "wrapt"
version = "2.3.0"
source = { registry = "https://mirrors.nju.edu.cn/pypi/web/simple" }
sdist = { url = "https://mirrors.nju.edu.cn/pypi/web/packages/2b/b0/c1f5a970721f06b85c0cd5142e0ff8fe067708abd779b0c4f4be7d61d09f/wrapt-2.3.0.tar.gz", hash = "sha256:681a2d0eefd721998f90642762b8e75c2159ec531b20ad5e437245ea7b06a107" }
wheels = [
    { url = "https://mirrors.nju.edu.cn/pypi/web/packages/5b/4a/d17a0fad1bf1c5f2c887ff71fef75654141b0880bff71d157d955b5bec3a/wrapt-2.3.0-cp312-cp312-macosx_10_13_x86_64.whl", hash = "sha256:0a45ffae742ce91a16e11cb6c7cd71e7f9994f3cbd283b962ab093f5c6dcf525" },
    { url = "https://mirrors.nju.edu.cn/pypi/web/packages/6e/55/51b92daaf6defb57f4dc56bdcce985400f75c6984a03ca5e78ccac717028/wrapt-2.3.0-cp312-cp312-macosx_11_0_arm64.whl", hash = "sha256:69e477046f2237ef0bc6547544ee73008dc764ca26eff44f09e976d221b34d5d" },
    { url = "https://mirrors.nju.edu.cn/pypi/web/packages/28/7f/cfd9bc4b1f5e424eeea83d0493e43f3b1b02707ce8e50c47945873982bd5/wrapt-2.3.0-cp312-cp312-manylinux1_x86_64.manylinux_2_28_x86_64.manylinux_2_5_x86_64.whl", hash = "sha256:5d221a6e6ddd302b8397433184e96b59f259f50024b854db1c411a881586b6b8" },
    { url = "https://mirrors.nju.edu.cn/pypi/web/packages/cb/89/ff7814f6eb6856b479946117d1138a2fbb46cdb6b1f379db359056c69743/wrapt-2.3.0-cp312-cp312-manylinux2014_aarch64.manylinux_2_17_aarch64.manylinux_2_28_aarch64.whl", hash = "sha256:392158c9a7f2ab1b8699418bfc0fe6f83548788c418b27d7bf2019ad3405cebb" },
    { url = "https://mirrors.nju.edu.cn/pypi/web/packages/12/1e/8eded8615d39e3ce81f626937a3a87b280a2a86239a2bf14a4b4bb345034/wrapt-2.3.0-cp312-cp312-manylinux_2_31_riscv64.manylinux_2_39_riscv64.whl", hash = "sha256:e5301c35cf75655eb33498f2bd6ae8703ca19940e3167dc9cdf740c712a39c60" },
    { url = "https://mirrors.nju.edu.cn/pypi/web/packages/35/ea/a0af2d9da62897af2a055484920de05dade30d2ba2c0d65cbdea875d3d8b/wrapt-2.3.0-cp312-cp312-musllinux_1_2_aarch64.whl", hash = "sha256:418f54bb09d1762db02c7009b4051149893af3153a87f92d70356703c11eea02" },
    { url = "https://mirrors.nju.edu.cn/pypi/web/packages/7e/dd/63cd4c864c65ef4906df64bd2d378f4a62b54f28063f282dfb3bf93caead/wrapt-2.3.0-cp312-cp312-musllinux_1_2_riscv64.whl", hash = "sha256:1598becd30f8f2777d18564064eb4f4dbe1ab0e05a8f09786d0ef505ac782bf3" },
    { url = "https://mirrors.nju.edu.cn/pypi/web/packages/ca/ee/82f1fc9e431b5c2c5a6d201aa865dbeae3984c311c6d11a185f0c8367cf6/wrapt-2.3.0-cp312-cp312-musllinux_1_2_x86_64.whl", hash = "sha256:3da470536bf9645143323dd41b32db55c6f4304ad382094c1a1da8a92061e10d" },
    { url = "https://mirrors.nju.edu.cn/pypi/web/packages/37/a5/5dc590e863a419930d988f8b7ca3e75a6befcfb10b6003b3a152f3d5f732/wrapt-2.3.0-cp312-cp312-win32.whl", hash = "sha256:fb8e2e6704a1e0b1b989546c69e2688371ef4a07fa5f61bde3eb6211186f5ac1" },
    { url = "https://mirrors.nju.edu.cn/pypi/web/packages/51/f9/4a6925a07951df56394f7e6ebe14f69f1c5ef9d87aa63e0839acf15aa63a/wrapt-2.3.0-cp312-cp312-win_amd64.whl", hash = "sha256:cdc021cb0b62471d6aac7f2bd92f3b4658073775f9ee7fcd325c511129e7bcc8" },
    { url = "https://mirrors.nju.edu.cn/pypi/web/packages/a8/4f/8b5de0395b2a72216751d41c9861df6facaeb611b619d8810ed2b3b23eb2/wrapt-2.3.0-cp312-cp312-win_arm64.whl", hash = "sha256:67bfe2485f50368c3fcd2275fc1fd100e350d601e0058921a7c82678a465aeab" },
    { url = "https://mirrors.nju.edu.cn/pypi/web/packages/00/39/3daf9f47be208606586de4568ba6713db53ebc8fd7a575aea1fe57983b69/wrapt-2.3.0-py3-none-any.whl", hash = "sha256:d8c7ed08477429752b8c44991f40ad7838b18332a160698740a6bfbc10d998a2" },
]
